// !$*UTF8*$!
{
	archiveVersion = 1;
	classes = {
	};
	objectVersion = 77;
	objects = {

/* Begin PBXBuildFile section */
		0C10F85F60D5002DD22ABBC3 /* BiometricAuthorizing.swift in Sources */ = {isa = PBXBuildFile; fileRef = 41D8E80AB31BB877B700B09E /* BiometricAuthorizing.swift */; };
		0EA762CFF629300107D2C1A7 /* EncryptSelectionCoordinatorTests.swift in Sources */ = {isa = PBXBuildFile; fileRef = 9475BA82BE21180CC54725D5 /* EncryptSelectionCoordinatorTests.swift */; };
		1040CDB417AFA2C068902802 /* VaultIPC.framework in Frameworks */ = {isa = PBXBuildFile; fileRef = 8347118BC278FC424612FB12 /* VaultIPC.framework */; };
		1304960352E633F3379AFE87 /* RandomBytes.swift in Sources */ = {isa = PBXBuildFile; fileRef = 595445285D2BAB088369475A /* RandomBytes.swift */; };
		13D5B5D46C7995CFABB452A3 /* LocalAuthenticator.swift in Sources */ = {isa = PBXBuildFile; fileRef = 7416E0E120A257AAFC8D8EB1 /* LocalAuthenticator.swift */; };
		1572006CADBDB81555FEE30A /* AuthorizationSessionTests.swift in Sources */ = {isa = PBXBuildFile; fileRef = 6DD6728F4B44BF37B56BCCC1 /* AuthorizationSessionTests.swift */; };
		178ED6142B5C94DFB9497174 /* VaultCore.framework in Frameworks */ = {isa = PBXBuildFile; fileRef = 152A604D4093E5ECB97E2DB0 /* VaultCore.framework */; };
		1B452D75C8772703CE489968 /* ExecutionRequest.swift in Sources */ = {isa = PBXBuildFile; fileRef = BE7F60B3C847EBA94E16143C /* ExecutionRequest.swift */; };
		1DA2F44152B62472264DE5BF /* AgentSecretVaultApp.framework in Embed Frameworks */ = {isa = PBXBuildFile; fileRef = 63F5D406A6125C21AADB774C /* AgentSecretVaultApp.framework */; settings = {ATTRIBUTES = (CodeSignOnCopy, RemoveHeadersOnCopy, ); }; };
		1F1568BFD7525B9020E0DE15 /* IPCMessage.swift in Sources */ = {isa = PBXBuildFile; fileRef = 7CA52CBB7B338FD5F2082702 /* IPCMessage.swift */; };
		21045F6295440D7C678600C2 /* SetupGuideView.swift in Sources */ = {isa = PBXBuildFile; fileRef = D7AA48DC206059E2CDE253F4 /* SetupGuideView.swift */; };
		2365B1B2DDA6F66F66B6AD72 /* SelectionReplacing.swift in Sources */ = {isa = PBXBuildFile; fileRef = 64779477930C89D60B24982F /* SelectionReplacing.swift */; };
		269D40B291F18F63A000E3A5 /* InstructionStepCard.swift in Sources */ = {isa = PBXBuildFile; fileRef = E81F90A2EE40F7F8684F983A /* InstructionStepCard.swift */; };
		26EC21F9BCCB38FCA168D04C /* IPCMessageTests.swift in Sources */ = {isa = PBXBuildFile; fileRef = 732CC92EF3064CA06721A5DC /* IPCMessageTests.swift */; };
		2CE0631F6417C573C50CF552 /* RiskClass.swift in Sources */ = {isa = PBXBuildFile; fileRef = A432CB8446238C66798AD338 /* RiskClass.swift */; };
		2D87ADD6802E08CF23614FE2 /* VaultIPC.framework in Embed Frameworks */ = {isa = PBXBuildFile; fileRef = 8347118BC278FC424612FB12 /* VaultIPC.framework */; settings = {ATTRIBUTES = (CodeSignOnCopy, RemoveHeadersOnCopy, ); }; };
		301E1602A14BC3693746CF0F /* VaultAuthorization.framework in Frameworks */ = {isa = PBXBuildFile; fileRef = 873C5E8748C746C1969B5989 /* VaultAuthorization.framework */; };
		30FE43E16AC503F880C2939C /* FileRecordStore.swift in Sources */ = {isa = PBXBuildFile; fileRef = 00E92A9526712032B801FB78 /* FileRecordStore.swift */; };
		325CE2858AE716AB4C9B4BC3 /* VaultIPC.framework in Frameworks */ = {isa = PBXBuildFile; fileRef = 8347118BC278FC424612FB12 /* VaultIPC.framework */; };
		33E2BE31F96401366B38415D /* VaultExecution.framework in Frameworks */ = {isa = PBXBuildFile; fileRef = 44E711499A79A5F3591E9CBF /* VaultExecution.framework */; };
		376BD20EAEF0D334B379D6E0 /* TemplateValidator.swift in Sources */ = {isa = PBXBuildFile; fileRef = 89E213269F2B56F80660D182 /* TemplateValidator.swift */; };
		39AA4F34F344E2AB0ED8253F /* OutputSanitizer.swift in Sources */ = {isa = PBXBuildFile; fileRef = 6C657BE2EC6158989B14BCFA /* OutputSanitizer.swift */; };
		3C0EF4F70DE68663E926B3E6 /* FoundationProcessRunnerTests.swift in Sources */ = {isa = PBXBuildFile; fileRef = 5CFD32C707884AB57296B2DC /* FoundationProcessRunnerTests.swift */; };
		4230317926F7DA1EEADF5DE2 /* OverviewGuideView.swift in Sources */ = {isa = PBXBuildFile; fileRef = 0134F352B0F19B51E3360E86 /* OverviewGuideView.swift */; };
		43DDF1E6C39DF77CF3ACECBA /* VaultIPC.framework in Embed Frameworks */ = {isa = PBXBuildFile; fileRef = 8347118BC278FC424612FB12 /* VaultIPC.framework */; settings = {ATTRIBUTES = (CodeSignOnCopy, RemoveHeadersOnCopy, ); }; };
		470801D614D02E545372F074 /* SecureViewerModelTests.swift in Sources */ = {isa = PBXBuildFile; fileRef = 70F6620BED8EECC8639FE3F2 /* SecureViewerModelTests.swift */; };
		4A7D39F5C07BA809524C7AE4 /* LeakFixtureTests.swift in Sources */ = {isa = PBXBuildFile; fileRef = 211F11622B266D45650C39AB /* LeakFixtureTests.swift */; };
		4E3B6533B15BF622D3B6D737 /* SecureViewerView.swift in Sources */ = {isa = PBXBuildFile; fileRef = 7BFFBA845365D35828E227A7 /* SecureViewerView.swift */; };
		5270BF5749AD5CCB2CF09F46 /* UnixSocketServer.swift in Sources */ = {isa = PBXBuildFile; fileRef = FC7F118BF83A43C32D12CDD6 /* UnixSocketServer.swift */; };
		542AF74629B540D62E93397A /* VaultDashboardView.swift in Sources */ = {isa = PBXBuildFile; fileRef = 4C2FA62F8B56B0618D1244C8 /* VaultDashboardView.swift */; };
		544051C7732DD36C1AB1ED3A /* VaultCore.framework in Frameworks */ = {isa = PBXBuildFile; fileRef = 152A604D4093E5ECB97E2DB0 /* VaultCore.framework */; };
		55EADB7D403B83D62C4499EB /* VaultUICopy.swift in Sources */ = {isa = PBXBuildFile; fileRef = F04B12E92A26C3B39C7C9C5B /* VaultUICopy.swift */; };
		5617CFF5024E8249A82ABD8E /* SecurityBoundaryCard.swift in Sources */ = {isa = PBXBuildFile; fileRef = 148069E65B634F445C8E15A6 /* SecurityBoundaryCard.swift */; };
		5B7E39AEC5DE27DA04B2E09C /* VaultExecution.framework in Embed Frameworks */ = {isa = PBXBuildFile; fileRef = 44E711499A79A5F3591E9CBF /* VaultExecution.framework */; settings = {ATTRIBUTES = (CodeSignOnCopy, RemoveHeadersOnCopy, ); }; };
		6121EC1FDA447E4DA09E0EEC /* DeviceKeyStore.swift in Sources */ = {isa = PBXBuildFile; fileRef = 17906FCCA92001E35B05C859 /* DeviceKeyStore.swift */; };
		613FDB6EBDCA8F0DCCAE022A /* AgentSecretVaultApp.framework in Frameworks */ = {isa = PBXBuildFile; fileRef = 63F5D406A6125C21AADB774C /* AgentSecretVaultApp.framework */; };
		61DB4BA5DCA8E6905C88D158 /* AuditEvent.swift in Sources */ = {isa = PBXBuildFile; fileRef = 2584C836A66EB8508C623312 /* AuditEvent.swift */; };
		66340A2CD505540D7B8E4BE7 /* VaultUICopyTests.swift in Sources */ = {isa = PBXBuildFile; fileRef = 910934C77627E25B9E2EEF98 /* VaultUICopyTests.swift */; };
		69E3CC07034AE77A0592DB48 /* VaultExecution.framework in Frameworks */ = {isa = PBXBuildFile; fileRef = 44E711499A79A5F3591E9CBF /* VaultExecution.framework */; };
		6D3392DFE497386DA15888A1 /* VaultExecution.framework in Embed Frameworks */ = {isa = PBXBuildFile; fileRef = 44E711499A79A5F3591E9CBF /* VaultExecution.framework */; settings = {ATTRIBUTES = (CodeSignOnCopy, RemoveHeadersOnCopy, ); }; };
		6FFB8EC1AA969D8F4A9DCEA5 /* IPCWorkbenchMessageTests.swift in Sources */ = {isa = PBXBuildFile; fileRef = C1CB06E0EA917CE3886A0380 /* IPCWorkbenchMessageTests.swift */; };
		72A9C281322BC8D176CA6BF7 /* VaultCore.framework in Embed Frameworks */ = {isa = PBXBuildFile; fileRef = 152A604D4093E5ECB97E2DB0 /* VaultCore.framework */; settings = {ATTRIBUTES = (CodeSignOnCopy, RemoveHeadersOnCopy, ); }; };
		74B51BBA52A0415C39675269 /* OrphanReviewView.swift in Sources */ = {isa = PBXBuildFile; fileRef = 34789708774FCD69D8518978 /* OrphanReviewView.swift */; };
		759967029B18E891FCF6F5C2 /* VaultCipherTests.swift in Sources */ = {isa = PBXBuildFile; fileRef = D4FEB24A0D31161000986EA2 /* VaultCipherTests.swift */; };
		7C1ECEF05E16DBDE66F38739 /* OrphanScanner.swift in Sources */ = {isa = PBXBuildFile; fileRef = 834AF520878C33A04878C375 /* OrphanScanner.swift */; };
		7DF4057817940312452A40A6 /* VaultAuthorization.framework in Frameworks */ = {isa = PBXBuildFile; fileRef = 873C5E8748C746C1969B5989 /* VaultAuthorization.framework */; };
		7E8E998F6C375013C483E4CF /* VaultCore.swift in Sources */ = {isa = PBXBuildFile; fileRef = 5B341FE47429FE4DC462C267 /* VaultCore.swift */; };
		7F91E0E71A9803CD0FED6B33 /* ExecutionBrokerTests.swift in Sources */ = {isa = PBXBuildFile; fileRef = 068F6017BFABC0F9F724DDC6 /* ExecutionBrokerTests.swift */; };
		7FE86D50BE116091F855CCAC /* SmokeTests.swift in Sources */ = {isa = PBXBuildFile; fileRef = 30AE4B82C55D540C574C7429 /* SmokeTests.swift */; };
		8178653BA2E48771E9BD5772 /* AuthorizationSession.swift in Sources */ = {isa = PBXBuildFile; fileRef = 3D516329714201C601649E90 /* AuthorizationSession.swift */; };
		82433E41F82B46F6F532FB69 /* EncryptedAuditLog.swift in Sources */ = {isa = PBXBuildFile; fileRef = 9243F2FEAAE6DA1B97F3A51E /* EncryptedAuditLog.swift */; };
		855D4EAB807F3C6D9E6D2B3F /* DeviceKeyStoreTests.swift in Sources */ = {isa = PBXBuildFile; fileRef = 230A0104310147543F599824 /* DeviceKeyStoreTests.swift */; };
		882EF92F36F74E446840EEA6 /* VaultRecordResolverTests.swift in Sources */ = {isa = PBXBuildFile; fileRef = 4A4FFD5F474C300B6EA94777 /* VaultRecordResolverTests.swift */; };
		88315EA1D915BBE9858154B5 /* VaultCore.framework in Embed Frameworks */ = {isa = PBXBuildFile; fileRef = 152A604D4093E5ECB97E2DB0 /* VaultCore.framework */; settings = {ATTRIBUTES = (CodeSignOnCopy, RemoveHeadersOnCopy, ); }; };
		8CF18F5B6F853F5F90F3CF5D /* SecureViewerModel.swift in Sources */ = {isa = PBXBuildFile; fileRef = AFB210516492FB189FBE7BAC /* SecureViewerModel.swift */; };
		90BBDCFCE2A59C5B1FEB3C6D /* EncryptSelectionCoordinator.swift in Sources */ = {isa = PBXBuildFile; fileRef = 4E838C75776FBAFAE527F127 /* EncryptSelectionCoordinator.swift */; };
		9407BE52CF3848457E752F43 /* ConnectionStatusCard.swift in Sources */ = {isa = PBXBuildFile; fileRef = 46C3CD4133726E8B882639FB /* ConnectionStatusCard.swift */; };
		954056E5B84809E03489F5BD /* VaultIPC.framework in Frameworks */ = {isa = PBXBuildFile; fileRef = 8347118BC278FC424612FB12 /* VaultIPC.framework */; };
		99AE103B060E5CD3CE12E47F /* VaultIPC.framework in Frameworks */ = {isa = PBXBuildFile; fileRef = 8347118BC278FC424612FB12 /* VaultIPC.framework */; };
		9B9282C6D5109C80CDE49E47 /* AgentSecretVaultApp.framework in Frameworks */ = {isa = PBXBuildFile; fileRef = 63F5D406A6125C21AADB774C /* AgentSecretVaultApp.framework */; };
		9CA5D51B4B7F4E31567D607C /* MasterKeyCoordinatorTests.swift in Sources */ = {isa = PBXBuildFile; fileRef = DBFAD3C60A94D0736DFC3FEE /* MasterKeyCoordinatorTests.swift */; };
		9D2957976899BE565CB55FF6 /* VaultCore.framework in Embed Frameworks */ = {isa = PBXBuildFile; fileRef = 152A604D4093E5ECB97E2DB0 /* VaultCore.framework */; settings = {ATTRIBUTES = (CodeSignOnCopy, RemoveHeadersOnCopy, ); }; };
		9E819067BE14D9C2E2238DF4 /* AppIPCController.swift in Sources */ = {isa = PBXBuildFile; fileRef = D831E7756436FCD1CD661FC0 /* AppIPCController.swift */; };
		A144FA793F9C2DDA7C74DE56 /* IPCRequestHandler.swift in Sources */ = {isa = PBXBuildFile; fileRef = 4495D27A6CC2720CFE78648D /* IPCRequestHandler.swift */; };
		A321C1A0D330E346B61C791F /* RecordMigratorTests.swift in Sources */ = {isa = PBXBuildFile; fileRef = 0939C42D55889E29740FD889 /* RecordMigratorTests.swift */; };
		A32D3D9C633F8718F4CB18EC /* RecoveryKeyStore.swift in Sources */ = {isa = PBXBuildFile; fileRef = 70C84A29C4675B2DC09B4411 /* RecoveryKeyStore.swift */; };
		A3B6CB397B3FCDA9AB98097B /* VaultCore.framework in Frameworks */ = {isa = PBXBuildFile; fileRef = 152A604D4093E5ECB97E2DB0 /* VaultCore.framework */; };
		A6B2C533DB06B3DE7B7805ED /* VaultExecution.framework in Frameworks */ = {isa = PBXBuildFile; fileRef = 44E711499A79A5F3591E9CBF /* VaultExecution.framework */; };
		A9DB4251AD407A3AA08E3AED /* VaultCore.framework in Frameworks */ = {isa = PBXBuildFile; fileRef = 152A604D4093E5ECB97E2DB0 /* VaultCore.framework */; };
		ABB3B1DC5FB19D24F3291A74 /* SecretReference.swift in Sources */ = {isa = PBXBuildFile; fileRef = 0047E32E5D06B11C5797C871 /* SecretReference.swift */; };
		AE0160D05E432B2F384942AD /* EncryptedAuditLogTests.swift in Sources */ = {isa = PBXBuildFile; fileRef = E04047C45EAF89A929CD9BDF /* EncryptedAuditLogTests.swift */; };
		AE11A6288E89567BC2902A2A /* RevealSessionStore.swift in Sources */ = {isa = PBXBuildFile; fileRef = 21CDAEB48D5C096256FE989D /* RevealSessionStore.swift */; };
		B2E11023D282B8A431A67F62 /* VaultAuthorization.framework in Embed Frameworks */ = {isa = PBXBuildFile; fileRef = 873C5E8748C746C1969B5989 /* VaultAuthorization.framework */; settings = {ATTRIBUTES = (CodeSignOnCopy, RemoveHeadersOnCopy, ); }; };
		BA8A77DDC0A29CF738B55AF1 /* VaultCore.framework in Frameworks */ = {isa = PBXBuildFile; fileRef = 152A604D4093E5ECB97E2DB0 /* VaultCore.framework */; };
		C2B3AFC5FF41064C34641832 /* ExecutionTemplate.swift in Sources */ = {isa = PBXBuildFile; fileRef = 45DA451A56B15C8D880CB7B7 /* ExecutionTemplate.swift */; };
		C66B46AD0965D07BE5C5A5E9 /* RecordMigrator.swift in Sources */ = {isa = PBXBuildFile; fileRef = 3D99CD22B1841BA6CF877EB3 /* RecordMigrator.swift */; };
		CB8380D0802A725CA937DA89 /* OrphanScannerTests.swift in Sources */ = {isa = PBXBuildFile; fileRef = 4BA05906A6D300759841C011 /* OrphanScannerTests.swift */; };
		CEFAB56B436F9EBF581AB165 /* VaultAuthorization.framework in Embed Frameworks */ = {isa = PBXBuildFile; fileRef = 873C5E8748C746C1969B5989 /* VaultAuthorization.framework */; settings = {ATTRIBUTES = (CodeSignOnCopy, RemoveHeadersOnCopy, ); }; };
		CF02741EA5E8DADA6E62C389 /* RevealSessionWindow.swift in Sources */ = {isa = PBXBuildFile; fileRef = 477A6A243F6915B5990ABA1D /* RevealSessionWindow.swift */; };
		CF5D1C60E5F36DCD82EE6802 /* AgentSecretVaultApp.framework in Embed Frameworks */ = {isa = PBXBuildFile; fileRef = 63F5D406A6125C21AADB774C /* AgentSecretVaultApp.framework */; settings = {ATTRIBUTES = (CodeSignOnCopy, RemoveHeadersOnCopy, ); }; };
		D11C3205AB6D2D2C46701C92 /* VaultAuthorization.framework in Frameworks */ = {isa = PBXBuildFile; fileRef = 873C5E8748C746C1969B5989 /* VaultAuthorization.framework */; };
		D2A9CE1E14940088D4CAA5D6 /* AppIPCControllerTests.swift in Sources */ = {isa = PBXBuildFile; fileRef = 8A93F61AF6CEE02941DC56E3 /* AppIPCControllerTests.swift */; };
		D40839A4B83BD47369A97001 /* RevealSessionStoreTests.swift in Sources */ = {isa = PBXBuildFile; fileRef = C5DF5AF08CA1865E095DFD19 /* RevealSessionStoreTests.swift */; };
		D4A8778DB5DD7607CD7814D3 /* IPCRequestHandlerTests.swift in Sources */ = {isa = PBXBuildFile; fileRef = 58C963E076CB797985CA0992 /* IPCRequestHandlerTests.swift */; };
		D7730ED7F2FE012B27E8796C /* EncryptedRecord.swift in Sources */ = {isa = PBXBuildFile; fileRef = D22F43DF3B68F1294A79AE16 /* EncryptedRecord.swift */; };
		D7CC3506688C0823474CA53A /* OutputSanitizerTests.swift in Sources */ = {isa = PBXBuildFile; fileRef = 5C4470975586A86A2B51BEC4 /* OutputSanitizerTests.swift */; };
		E0723017A1E7F9B52A14BA8B /* VaultIPC.swift in Sources */ = {isa = PBXBuildFile; fileRef = 37E7113D1625EDDC62A66FF8 /* VaultIPC.swift */; };
		E0DC1F8C4AF313C9610D8EB1 /* VaultAuthorization.framework in Frameworks */ = {isa = PBXBuildFile; fileRef = 873C5E8748C746C1969B5989 /* VaultAuthorization.framework */; };
		E1F886DD66891F419F1D6641 /* EncryptSelectionService.swift in Sources */ = {isa = PBXBuildFile; fileRef = 398F0C1CE97710B6C1E140E0 /* EncryptSelectionService.swift */; };
		E2A1B681D23127C4513C9C5D /* AgentSecretVaultApp.swift in Sources */ = {isa = PBXBuildFile; fileRef = A25504036D47D31EE4E7511B /* AgentSecretVaultApp.swift */; };
		E6585EC3A90B42818C0401C1 /* VaultRecordResolver.swift in Sources */ = {isa = PBXBuildFile; fileRef = BF9CAA1FFD027870696F96CD /* VaultRecordResolver.swift */; };
		E6A964A48E233C3CF56623AF /* VaultAppServices.swift in Sources */ = {isa = PBXBuildFile; fileRef = 2B9D7A0D796109480BF744A3 /* VaultAppServices.swift */; };
		E6F2BBB724669D211C445F21 /* FileRecordStoreTests.swift in Sources */ = {isa = PBXBuildFile; fileRef = 2CC02DFEE6424F6FBA1E99EF /* FileRecordStoreTests.swift */; };
		E9AC8C529DF4B6A9F0091232 /* VaultCipher.swift in Sources */ = {isa = PBXBuildFile; fileRef = C043479279EF8194EEB17D71 /* VaultCipher.swift */; };
		EC5B3CF943640BE177B9D183 /* VaultWorkbenchCopyTests.swift in Sources */ = {isa = PBXBuildFile; fileRef = ED18891CF05BE0EA9E4D51C9 /* VaultWorkbenchCopyTests.swift */; };
		ED22B3BEB9E258BF9185D828 /* VaultCore.framework in Embed Frameworks */ = {isa = PBXBuildFile; fileRef = 152A604D4093E5ECB97E2DB0 /* VaultCore.framework */; settings = {ATTRIBUTES = (CodeSignOnCopy, RemoveHeadersOnCopy, ); }; };
		EF64CE7C7A91E5B87BB29C2A /* VaultWorkbenchView.swift in Sources */ = {isa = PBXBuildFile; fileRef = A39FCD70795D28DFF0409942 /* VaultWorkbenchView.swift */; };
		F23629CE7ADF68B2F5B11B94 /* MasterKeyCoordinator.swift in Sources */ = {isa = PBXBuildFile; fileRef = 44F6255CBDC64D728D47A0DF /* MasterKeyCoordinator.swift */; };
		F349FE47AD62FE03DB8A438C /* ExecutionBroker.swift in Sources */ = {isa = PBXBuildFile; fileRef = ECE0ABA382348646E9F9859E /* ExecutionBroker.swift */; };
		F3AB50E4571CEDA56EA33B71 /* TemplateValidatorTests.swift in Sources */ = {isa = PBXBuildFile; fileRef = 3E8A2D1F69A190F408BD83E6 /* TemplateValidatorTests.swift */; };
		F3DADE550489AAAAEBDA7D0F /* VaultCore.framework in Frameworks */ = {isa = PBXBuildFile; fileRef = 152A604D4093E5ECB97E2DB0 /* VaultCore.framework */; };
		F72022F358BD9ED045667C6C /* RecordStore.swift in Sources */ = {isa = PBXBuildFile; fileRef = BA1CC470853AA6288AEBE2E7 /* RecordStore.swift */; };
		F76B0CAB0F203046E5360B40 /* FoundationProcessRunner.swift in Sources */ = {isa = PBXBuildFile; fileRef = 76624FFF725B93374AD31F93 /* FoundationProcessRunner.swift */; };
		FBF1466B6CF602F53E613E58 /* VaultIPC.framework in Embed Frameworks */ = {isa = PBXBuildFile; fileRef = 8347118BC278FC424612FB12 /* VaultIPC.framework */; settings = {ATTRIBUTES = (CodeSignOnCopy, RemoveHeadersOnCopy, ); }; };
		FDC6E9995D8106AE766D7D93 /* ProcessRunning.swift in Sources */ = {isa = PBXBuildFile; fileRef = 9DA49553AEAA23F5BF7919E9 /* ProcessRunning.swift */; };
		FDE5D3FB0B2CB3A52D586F8E /* VaultCore.framework in Frameworks */ = {isa = PBXBuildFile; fileRef = 152A604D4093E5ECB97E2DB0 /* VaultCore.framework */; };
		FE0A0C65F1BB294B697ABA95 /* SecretReferenceTests.swift in Sources */ = {isa = PBXBuildFile; fileRef = 5C757BD62ECBBC0686CD8DC7 /* SecretReferenceTests.swift */; };
/* End PBXBuildFile section */

/* Begin PBXContainerItemProxy section */
		01EAB680388E83549639E5DD /* PBXContainerItemProxy */ = {
			isa = PBXContainerItemProxy;
			containerPortal = 672B1683207D2FE9D7045D82 /* Project object */;
			proxyType = 1;
			remoteGlobalIDString = 80070F72AE7434D0324B2C9D;
			remoteInfo = VaultCore;
		};
		0E5AE24028AE04702E977BFB /* PBXContainerItemProxy */ = {
			isa = PBXContainerItemProxy;
			containerPortal = 672B1683207D2FE9D7045D82 /* Project object */;
			proxyType = 1;
			remoteGlobalIDString = DA878B25FC53EE16E95B63F8;
			remoteInfo = AgentSecretVaultApp;
		};
		0E6953227161D692E9148439 /* PBXContainerItemProxy */ = {
			isa = PBXContainerItemProxy;
			containerPortal = 672B1683207D2FE9D7045D82 /* Project object */;
			proxyType = 1;
			remoteGlobalIDString = 80070F72AE7434D0324B2C9D;
			remoteInfo = VaultCore;
		};
		1674208B6402E4ED560F0B23 /* PBXContainerItemProxy */ = {
			isa = PBXContainerItemProxy;
			containerPortal = 672B1683207D2FE9D7045D82 /* Project object */;
			proxyType = 1;
			remoteGlobalIDString = 37D669435F1F98C8BA878445;
			remoteInfo = VaultExecution;
		};
		1EFD58899F5BE41BDEAF9AEF /* PBXContainerItemProxy */ = {
			isa = PBXContainerItemProxy;
			containerPortal = 672B1683207D2FE9D7045D82 /* Project object */;
			proxyType = 1;
			remoteGlobalIDString = B7A08F9AACC69B82887EFB79;
			remoteInfo = VaultIPC;
		};
		4C11E323AB1DFB2CE43225A3 /* PBXContainerItemProxy */ = {
			isa = PBXContainerItemProxy;
			containerPortal = 672B1683207D2FE9D7045D82 /* Project object */;
			proxyType = 1;
			remoteGlobalIDString = DA878B25FC53EE16E95B63F8;
			remoteInfo = AgentSecretVaultApp;
		};
		5F786794CAE422D131D8D663 /* PBXContainerItemProxy */ = {
			isa = PBXContainerItemProxy;
			containerPortal = 672B1683207D2FE9D7045D82 /* Project object */;
			proxyType = 1;
			remoteGlobalIDString = 80070F72AE7434D0324B2C9D;
			remoteInfo = VaultCore;
		};
		617ED460CC5DF19DB19FFE1D /* PBXContainerItemProxy */ = {
			isa = PBXContainerItemProxy;
			containerPortal = 672B1683207D2FE9D7045D82 /* Project object */;
			proxyType = 1;
			remoteGlobalIDString = 37D669435F1F98C8BA878445;
			remoteInfo = VaultExecution;
		};
		710F7FAFC5CEF2940AFE120F /* PBXContainerItemProxy */ = {
			isa = PBXContainerItemProxy;
			containerPortal = 672B1683207D2FE9D7045D82 /* Project object */;
			proxyType = 1;
			remoteGlobalIDString = B7A08F9AACC69B82887EFB79;
			remoteInfo = VaultIPC;
		};
		7D9645F6B865E70E23049EC0 /* PBXContainerItemProxy */ = {
			isa = PBXContainerItemProxy;
			containerPortal = 672B1683207D2FE9D7045D82 /* Project object */;
			proxyType = 1;
			remoteGlobalIDString = AE5F1C6D2F8A37D4BCC25000;
			remoteInfo = VaultAuthorization;
		};
		8DF22B136C0F16F4B7F6317F /* PBXContainerItemProxy */ = {
			isa = PBXContainerItemProxy;
			containerPortal = 672B1683207D2FE9D7045D82 /* Project object */;
			proxyType = 1;
			remoteGlobalIDString = 37D669435F1F98C8BA878445;
			remoteInfo = VaultExecution;
		};
		914BACEFDB230C68D25DA5F5 /* PBXContainerItemProxy */ = {
			isa = PBXContainerItemProxy;
			containerPortal = 672B1683207D2FE9D7045D82 /* Project object */;
			proxyType = 1;
			remoteGlobalIDString = 80070F72AE7434D0324B2C9D;
			remoteInfo = VaultCore;
		};
		C0DA6C34466AE19722D5F6FE /* PBXContainerItemProxy */ = {
			isa = PBXContainerItemProxy;
			containerPortal = 672B1683207D2FE9D7045D82 /* Project object */;
			proxyType = 1;
			remoteGlobalIDString = AE5F1C6D2F8A37D4BCC25000;
			remoteInfo = VaultAuthorization;
		};
		D4EF64CAD94092A84B794673 /* PBXContainerItemProxy */ = {
			isa = PBXContainerItemProxy;
			containerPortal = 672B1683207D2FE9D7045D82 /* Project object */;
			proxyType = 1;
			remoteGlobalIDString = AE5F1C6D2F8A37D4BCC25000;
			remoteInfo = VaultAuthorization;
		};
		D7C87E89AEC0EC70782658D4 /* PBXContainerItemProxy */ = {
			isa = PBXContainerItemProxy;
			containerPortal = 672B1683207D2FE9D7045D82 /* Project object */;
			proxyType = 1;
			remoteGlobalIDString = 80070F72AE7434D0324B2C9D;
			remoteInfo = VaultCore;
		};
		DE3CF320319A574C9E17049C /* PBXContainerItemProxy */ = {
			isa = PBXContainerItemProxy;
			containerPortal = 672B1683207D2FE9D7045D82 /* Project object */;
			proxyType = 1;
			remoteGlobalIDString = 80070F72AE7434D0324B2C9D;
			remoteInfo = VaultCore;
		};
		DEE30987E2FF11DA4F508BC1 /* PBXContainerItemProxy */ = {
			isa = PBXContainerItemProxy;
			containerPortal = 672B1683207D2FE9D7045D82 /* Project object */;
			proxyType = 1;
			remoteGlobalIDString = 80070F72AE7434D0324B2C9D;
			remoteInfo = VaultCore;
		};
		E4469956A8D2554CB11328C2 /* PBXContainerItemProxy */ = {
			isa = PBXContainerItemProxy;
			containerPortal = 672B1683207D2FE9D7045D82 /* Project object */;
			proxyType = 1;
			remoteGlobalIDString = B7A08F9AACC69B82887EFB79;
			remoteInfo = VaultIPC;
		};
		E924889B295917213DFB31B2 /* PBXContainerItemProxy */ = {
			isa = PBXContainerItemProxy;
			containerPortal = 672B1683207D2FE9D7045D82 /* Project object */;
			proxyType = 1;
			remoteGlobalIDString = AE5F1C6D2F8A37D4BCC25000;
			remoteInfo = VaultAuthorization;
		};
		EACA44092368A959D7D3D07C /* PBXContainerItemProxy */ = {
			isa = PBXContainerItemProxy;
			containerPortal = 672B1683207D2FE9D7045D82 /* Project object */;
			proxyType = 1;
			remoteGlobalIDString = B7A08F9AACC69B82887EFB79;
			remoteInfo = VaultIPC;
		};
/* End PBXContainerItemProxy section */

/* Begin PBXCopyFilesBuildPhase section */
		2DD4EEBB3B1FE39894D7A6B3 /* Embed Frameworks */ = {
			isa = PBXCopyFilesBuildPhase;
			buildActionMask = 2147483647;
			dstPath = "";
			dstSubfolderSpec = 10;
			files = (
				72A9C281322BC8D176CA6BF7 /* VaultCore.framework in Embed Frameworks */,
			);
			name = "Embed Frameworks";
			runOnlyForDeploymentPostprocessing = 0;
		};
		44AB07F31A2ADD458ED4C5B8 /* Embed Frameworks */ = {
			isa = PBXCopyFilesBuildPhase;
			buildActionMask = 2147483647;
			dstPath = "";
			dstSubfolderSpec = 10;
			files = (
				CF5D1C60E5F36DCD82EE6802 /* AgentSecretVaultApp.framework in Embed Frameworks */,
				2D87ADD6802E08CF23614FE2 /* VaultIPC.framework in Embed Frameworks */,
			);
			name = "Embed Frameworks";
			runOnlyForDeploymentPostprocessing = 0;
		};
		97CA5A04E2C44941C707A46B /* Embed Frameworks */ = {
			isa = PBXCopyFilesBuildPhase;
			buildActionMask = 2147483647;
			dstPath = "";
			dstSubfolderSpec = 10;
			files = (
				5B7E39AEC5DE27DA04B2E09C /* VaultExecution.framework in Embed Frameworks */,
				ED22B3BEB9E258BF9185D828 /* VaultCore.framework in Embed Frameworks */,
				B2E11023D282B8A431A67F62 /* VaultAuthorization.framework in Embed Frameworks */,
			);
			name = "Embed Frameworks";
			runOnlyForDeploymentPostprocessing = 0;
		};
		B770DE95E2AD45DA216FF902 /* Embed Frameworks */ = {
			isa = PBXCopyFilesBuildPhase;
			buildActionMask = 2147483647;
			dstPath = "";
			dstSubfolderSpec = 10;
			files = (
				43DDF1E6C39DF77CF3ACECBA /* VaultIPC.framework in Embed Frameworks */,
				88315EA1D915BBE9858154B5 /* VaultCore.framework in Embed Frameworks */,
				6D3392DFE497386DA15888A1 /* VaultExecution.framework in Embed Frameworks */,
			);
			name = "Embed Frameworks";
			runOnlyForDeploymentPostprocessing = 0;
		};
		F4FBF441632188A70B25C45C /* Embed Frameworks */ = {
			isa = PBXCopyFilesBuildPhase;
			buildActionMask = 2147483647;
			dstPath = "";
			dstSubfolderSpec = 10;
			files = (
				CEFAB56B436F9EBF581AB165 /* VaultAuthorization.framework in Embed Frameworks */,
				9D2957976899BE565CB55FF6 /* VaultCore.framework in Embed Frameworks */,
				1DA2F44152B62472264DE5BF /* AgentSecretVaultApp.framework in Embed Frameworks */,
				FBF1466B6CF602F53E613E58 /* VaultIPC.framework in Embed Frameworks */,
			);
			name = "Embed Frameworks";
			runOnlyForDeploymentPostprocessing = 0;
		};
/* End PBXCopyFilesBuildPhase section */

/* Begin PBXFileReference section */
		0047E32E5D06B11C5797C871 /* SecretReference.swift */ = {isa = PBXFileReference; lastKnownFileType = sourcecode.swift; path = SecretReference.swift; sourceTree = "<group>"; };
		00E92A9526712032B801FB78 /* FileRecordStore.swift */ = {isa = PBXFileReference; lastKnownFileType = sourcecode.swift; path = FileRecordStore.swift; sourceTree = "<group>"; };
		0134F352B0F19B51E3360E86 /* OverviewGuideView.swift */ = {isa = PBXFileReference; lastKnownFileType = sourcecode.swift; path = OverviewGuideView.swift; sourceTree = "<group>"; };
		068F6017BFABC0F9F724DDC6 /* ExecutionBrokerTests.swift */ = {isa = PBXFileReference; lastKnownFileType = sourcecode.swift; path = ExecutionBrokerTests.swift; sourceTree = "<group>"; };
		0939C42D55889E29740FD889 /* RecordMigratorTests.swift */ = {isa = PBXFileReference; lastKnownFileType = sourcecode.swift; path = RecordMigratorTests.swift; sourceTree = "<group>"; };
		10E2A63DB743A413D156906A /* VaultCoreTests.xctest */ = {isa = PBXFileReference; explicitFileType = wrapper.cfbundle; includeInIndex = 0; path = VaultCoreTests.xctest; sourceTree = BUILT_PRODUCTS_DIR; };
		148069E65B634F445C8E15A6 /* SecurityBoundaryCard.swift */ = {isa = PBXFileReference; lastKnownFileType = sourcecode.swift; path = SecurityBoundaryCard.swift; sourceTree = "<group>"; };
		152A604D4093E5ECB97E2DB0 /* VaultCore.framework */ = {isa = PBXFileReference; explicitFileType = wrapper.framework; includeInIndex = 0; path = VaultCore.framework; sourceTree = BUILT_PRODUCTS_DIR; };
		17906FCCA92001E35B05C859 /* DeviceKeyStore.swift */ = {isa = PBXFileReference; lastKnownFileType = sourcecode.swift; path = DeviceKeyStore.swift; sourceTree = "<group>"; };
		211F11622B266D45650C39AB /* LeakFixtureTests.swift */ = {isa = PBXFileReference; lastKnownFileType = sourcecode.swift; path = LeakFixtureTests.swift; sourceTree = "<group>"; };
		21CDAEB48D5C096256FE989D /* RevealSessionStore.swift */ = {isa = PBXFileReference; lastKnownFileType = sourcecode.swift; path = RevealSessionStore.swift; sourceTree = "<group>"; };
		230A0104310147543F599824 /* DeviceKeyStoreTests.swift */ = {isa = PBXFileReference; lastKnownFileType = sourcecode.swift; path = DeviceKeyStoreTests.swift; sourceTree = "<group>"; };
		2584C836A66EB8508C623312 /* AuditEvent.swift */ = {isa = PBXFileReference; lastKnownFileType = sourcecode.swift; path = AuditEvent.swift; sourceTree = "<group>"; };
		2B9D7A0D796109480BF744A3 /* VaultAppServices.swift */ = {isa = PBXFileReference; lastKnownFileType = sourcecode.swift; path = VaultAppServices.swift; sourceTree = "<group>"; };
		2CC02DFEE6424F6FBA1E99EF /* FileRecordStoreTests.swift */ = {isa = PBXFileReference; lastKnownFileType = sourcecode.swift; path = FileRecordStoreTests.swift; sourceTree = "<group>"; };
		30AE4B82C55D540C574C7429 /* SmokeTests.swift */ = {isa = PBXFileReference; lastKnownFileType = sourcecode.swift; path = SmokeTests.swift; sourceTree = "<group>"; };
		34789708774FCD69D8518978 /* OrphanReviewView.swift */ = {isa = PBXFileReference; lastKnownFileType = sourcecode.swift; path = OrphanReviewView.swift; sourceTree = "<group>"; };
		37E7113D1625EDDC62A66FF8 /* VaultIPC.swift */ = {isa = PBXFileReference; lastKnownFileType = sourcecode.swift; path = VaultIPC.swift; sourceTree = "<group>"; };
		398F0C1CE97710B6C1E140E0 /* EncryptSelectionService.swift */ = {isa = PBXFileReference; lastKnownFileType = sourcecode.swift; path = EncryptSelectionService.swift; sourceTree = "<group>"; };
		3D516329714201C601649E90 /* AuthorizationSession.swift */ = {isa = PBXFileReference; lastKnownFileType = sourcecode.swift; path = AuthorizationSession.swift; sourceTree = "<group>"; };
		3D99CD22B1841BA6CF877EB3 /* RecordMigrator.swift */ = {isa = PBXFileReference; lastKnownFileType = sourcecode.swift; path = RecordMigrator.swift; sourceTree = "<group>"; };
		3E8A2D1F69A190F408BD83E6 /* TemplateValidatorTests.swift */ = {isa = PBXFileReference; lastKnownFileType = sourcecode.swift; path = TemplateValidatorTests.swift; sourceTree = "<group>"; };
		41D8E80AB31BB877B700B09E /* BiometricAuthorizing.swift */ = {isa = PBXFileReference; lastKnownFileType = sourcecode.swift; path = BiometricAuthorizing.swift; sourceTree = "<group>"; };
		4495D27A6CC2720CFE78648D /* IPCRequestHandler.swift */ = {isa = PBXFileReference; lastKnownFileType = sourcecode.swift; path = IPCRequestHandler.swift; sourceTree = "<group>"; };
		44E711499A79A5F3591E9CBF /* VaultExecution.framework */ = {isa = PBXFileReference; explicitFileType = wrapper.framework; includeInIndex = 0; path = VaultExecution.framework; sourceTree = BUILT_PRODUCTS_DIR; };
		44F6255CBDC64D728D47A0DF /* MasterKeyCoordinator.swift */ = {isa = PBXFileReference; lastKnownFileType = sourcecode.swift; path = MasterKeyCoordinator.swift; sourceTree = "<group>"; };
		45DA451A56B15C8D880CB7B7 /* ExecutionTemplate.swift */ = {isa = PBXFileReference; lastKnownFileType = sourcecode.swift; path = ExecutionTemplate.swift; sourceTree = "<group>"; };
		46C3CD4133726E8B882639FB /* ConnectionStatusCard.swift */ = {isa = PBXFileReference; lastKnownFileType = sourcecode.swift; path = ConnectionStatusCard.swift; sourceTree = "<group>"; };
		477A6A243F6915B5990ABA1D /* RevealSessionWindow.swift */ = {isa = PBXFileReference; lastKnownFileType = sourcecode.swift; path = RevealSessionWindow.swift; sourceTree = "<group>"; };
		48DD5765E2D0221E04B18023 /* VaultIPCTests.xctest */ = {isa = PBXFileReference; explicitFileType = wrapper.cfbundle; includeInIndex = 0; path = VaultIPCTests.xctest; sourceTree = BUILT_PRODUCTS_DIR; };
		4A4FFD5F474C300B6EA94777 /* VaultRecordResolverTests.swift */ = {isa = PBXFileReference; lastKnownFileType = sourcecode.swift; path = VaultRecordResolverTests.swift; sourceTree = "<group>"; };
		4BA05906A6D300759841C011 /* OrphanScannerTests.swift */ = {isa = PBXFileReference; lastKnownFileType = sourcecode.swift; path = OrphanScannerTests.swift; sourceTree = "<group>"; };
		4C2FA62F8B56B0618D1244C8 /* VaultDashboardView.swift */ = {isa = PBXFileReference; lastKnownFileType = sourcecode.swift; path = VaultDashboardView.swift; sourceTree = "<group>"; };
		4E838C75776FBAFAE527F127 /* EncryptSelectionCoordinator.swift */ = {isa = PBXFileReference; lastKnownFileType = sourcecode.swift; path = EncryptSelectionCoordinator.swift; sourceTree = "<group>"; };
		58C963E076CB797985CA0992 /* IPCRequestHandlerTests.swift */ = {isa = PBXFileReference; lastKnownFileType = sourcecode.swift; path = IPCRequestHandlerTests.swift; sourceTree = "<group>"; };
		595445285D2BAB088369475A /* RandomBytes.swift */ = {isa = PBXFileReference; lastKnownFileType = sourcecode.swift; path = RandomBytes.swift; sourceTree = "<group>"; };
		5B341FE47429FE4DC462C267 /* VaultCore.swift */ = {isa = PBXFileReference; lastKnownFileType = sourcecode.swift; path = VaultCore.swift; sourceTree = "<group>"; };
		5C4470975586A86A2B51BEC4 /* OutputSanitizerTests.swift */ = {isa = PBXFileReference; lastKnownFileType = sourcecode.swift; path = OutputSanitizerTests.swift; sourceTree = "<group>"; };
		5C757BD62ECBBC0686CD8DC7 /* SecretReferenceTests.swift */ = {isa = PBXFileReference; lastKnownFileType = sourcecode.swift; path = SecretReferenceTests.swift; sourceTree = "<group>"; };
		5CFD32C707884AB57296B2DC /* FoundationProcessRunnerTests.swift */ = {isa = PBXFileReference; lastKnownFileType = sourcecode.swift; path = FoundationProcessRunnerTests.swift; sourceTree = "<group>"; };
		63F5D406A6125C21AADB774C /* AgentSecretVaultApp.framework */ = {isa = PBXFileReference; explicitFileType = wrapper.framework; includeInIndex = 0; path = AgentSecretVaultApp.framework; sourceTree = BUILT_PRODUCTS_DIR; };
		64779477930C89D60B24982F /* SelectionReplacing.swift */ = {isa = PBXFileReference; lastKnownFileType = sourcecode.swift; path = SelectionReplacing.swift; sourceTree = "<group>"; };
		6C657BE2EC6158989B14BCFA /* OutputSanitizer.swift */ = {isa = PBXFileReference; lastKnownFileType = sourcecode.swift; path = OutputSanitizer.swift; sourceTree = "<group>"; };
		6DD6728F4B44BF37B56BCCC1 /* AuthorizationSessionTests.swift */ = {isa = PBXFileReference; lastKnownFileType = sourcecode.swift; path = AuthorizationSessionTests.swift; sourceTree = "<group>"; };
		70C84A29C4675B2DC09B4411 /* RecoveryKeyStore.swift */ = {isa = PBXFileReference; lastKnownFileType = sourcecode.swift; path = RecoveryKeyStore.swift; sourceTree = "<group>"; };
		70F6620BED8EECC8639FE3F2 /* SecureViewerModelTests.swift */ = {isa = PBXFileReference; lastKnownFileType = sourcecode.swift; path = SecureViewerModelTests.swift; sourceTree = "<group>"; };
		732CC92EF3064CA06721A5DC /* IPCMessageTests.swift */ = {isa = PBXFileReference; lastKnownFileType = sourcecode.swift; path = IPCMessageTests.swift; sourceTree = "<group>"; };
		7416E0E120A257AAFC8D8EB1 /* LocalAuthenticator.swift */ = {isa = PBXFileReference; lastKnownFileType = sourcecode.swift; path = LocalAuthenticator.swift; sourceTree = "<group>"; };
		76624FFF725B93374AD31F93 /* FoundationProcessRunner.swift */ = {isa = PBXFileReference; lastKnownFileType = sourcecode.swift; path = FoundationProcessRunner.swift; sourceTree = "<group>"; };
		7BFFBA845365D35828E227A7 /* SecureViewerView.swift */ = {isa = PBXFileReference; lastKnownFileType = sourcecode.swift; path = SecureViewerView.swift; sourceTree = "<group>"; };
		7CA52CBB7B338FD5F2082702 /* IPCMessage.swift */ = {isa = PBXFileReference; lastKnownFileType = sourcecode.swift; path = IPCMessage.swift; sourceTree = "<group>"; };
		8347118BC278FC424612FB12 /* VaultIPC.framework */ = {isa = PBXFileReference; explicitFileType = wrapper.framework; includeInIndex = 0; path = VaultIPC.framework; sourceTree = BUILT_PRODUCTS_DIR; };
		834AF520878C33A04878C375 /* OrphanScanner.swift */ = {isa = PBXFileReference; lastKnownFileType = sourcecode.swift; path = OrphanScanner.swift; sourceTree = "<group>"; };
		873C5E8748C746C1969B5989 /* VaultAuthorization.framework */ = {isa = PBXFileReference; explicitFileType = wrapper.framework; includeInIndex = 0; path = VaultAuthorization.framework; sourceTree = BUILT_PRODUCTS_DIR; };
		89E213269F2B56F80660D182 /* TemplateValidator.swift */ = {isa = PBXFileReference; lastKnownFileType = sourcecode.swift; path = TemplateValidator.swift; sourceTree = "<group>"; };
		8A93F61AF6CEE02941DC56E3 /* AppIPCControllerTests.swift */ = {isa = PBXFileReference; lastKnownFileType = sourcecode.swift; path = AppIPCControllerTests.swift; sourceTree = "<group>"; };
		910934C77627E25B9E2EEF98 /* VaultUICopyTests.swift */ = {isa = PBXFileReference; lastKnownFileType = sourcecode.swift; path = VaultUICopyTests.swift; sourceTree = "<group>"; };
		9243F2FEAAE6DA1B97F3A51E /* EncryptedAuditLog.swift */ = {isa = PBXFileReference; lastKnownFileType = sourcecode.swift; path = EncryptedAuditLog.swift; sourceTree = "<group>"; };
		9475BA82BE21180CC54725D5 /* EncryptSelectionCoordinatorTests.swift */ = {isa = PBXFileReference; lastKnownFileType = sourcecode.swift; path = EncryptSelectionCoordinatorTests.swift; sourceTree = "<group>"; };
		9552939BA69F7695CD4BB0BB /* VaultExecutionTests.xctest */ = {isa = PBXFileReference; explicitFileType = wrapper.cfbundle; includeInIndex = 0; path = VaultExecutionTests.xctest; sourceTree = BUILT_PRODUCTS_DIR; };
		9DA49553AEAA23F5BF7919E9 /* ProcessRunning.swift */ = {isa = PBXFileReference; lastKnownFileType = sourcecode.swift; path = ProcessRunning.swift; sourceTree = "<group>"; };
		A25504036D47D31EE4E7511B /* AgentSecretVaultApp.swift */ = {isa = PBXFileReference; lastKnownFileType = sourcecode.swift; path = AgentSecretVaultApp.swift; sourceTree = "<group>"; };
		A39FCD70795D28DFF0409942 /* VaultWorkbenchView.swift */ = {isa = PBXFileReference; lastKnownFileType = sourcecode.swift; path = VaultWorkbenchView.swift; sourceTree = "<group>"; };
		A432CB8446238C66798AD338 /* RiskClass.swift */ = {isa = PBXFileReference; lastKnownFileType = sourcecode.swift; path = RiskClass.swift; sourceTree = "<group>"; };
		AFB210516492FB189FBE7BAC /* SecureViewerModel.swift */ = {isa = PBXFileReference; lastKnownFileType = sourcecode.swift; path = SecureViewerModel.swift; sourceTree = "<group>"; };
		B93F20B98265182A0BF4A5EA /* LeakTests.xctest */ = {isa = PBXFileReference; explicitFileType = wrapper.cfbundle; includeInIndex = 0; path = LeakTests.xctest; sourceTree = BUILT_PRODUCTS_DIR; };
		BA1CC470853AA6288AEBE2E7 /* RecordStore.swift */ = {isa = PBXFileReference; lastKnownFileType = sourcecode.swift; path = RecordStore.swift; sourceTree = "<group>"; };
		BE70432F8DE10B5500959108 /* AgentSecretVault.app */ = {isa = PBXFileReference; explicitFileType = wrapper.application; includeInIndex = 0; path = AgentSecretVault.app; sourceTree = BUILT_PRODUCTS_DIR; };
		BE7F60B3C847EBA94E16143C /* ExecutionRequest.swift */ = {isa = PBXFileReference; lastKnownFileType = sourcecode.swift; path = ExecutionRequest.swift; sourceTree = "<group>"; };
		BF9CAA1FFD027870696F96CD /* VaultRecordResolver.swift */ = {isa = PBXFileReference; lastKnownFileType = sourcecode.swift; path = VaultRecordResolver.swift; sourceTree = "<group>"; };
		C043479279EF8194EEB17D71 /* VaultCipher.swift */ = {isa = PBXFileReference; lastKnownFileType = sourcecode.swift; path = VaultCipher.swift; sourceTree = "<group>"; };
		C1CB06E0EA917CE3886A0380 /* IPCWorkbenchMessageTests.swift */ = {isa = PBXFileReference; lastKnownFileType = sourcecode.swift; path = IPCWorkbenchMessageTests.swift; sourceTree = "<group>"; };
		C5DF5AF08CA1865E095DFD19 /* RevealSessionStoreTests.swift */ = {isa = PBXFileReference; lastKnownFileType = sourcecode.swift; path = RevealSessionStoreTests.swift; sourceTree = "<group>"; };
		D22F43DF3B68F1294A79AE16 /* EncryptedRecord.swift */ = {isa = PBXFileReference; lastKnownFileType = sourcecode.swift; path = EncryptedRecord.swift; sourceTree = "<group>"; };
		D4FEB24A0D31161000986EA2 /* VaultCipherTests.swift */ = {isa = PBXFileReference; lastKnownFileType = sourcecode.swift; path = VaultCipherTests.swift; sourceTree = "<group>"; };
		D7AA48DC206059E2CDE253F4 /* SetupGuideView.swift */ = {isa = PBXFileReference; lastKnownFileType = sourcecode.swift; path = SetupGuideView.swift; sourceTree = "<group>"; };
		D831E7756436FCD1CD661FC0 /* AppIPCController.swift */ = {isa = PBXFileReference; lastKnownFileType = sourcecode.swift; path = AppIPCController.swift; sourceTree = "<group>"; };
		DBFAD3C60A94D0736DFC3FEE /* MasterKeyCoordinatorTests.swift */ = {isa = PBXFileReference; lastKnownFileType = sourcecode.swift; path = MasterKeyCoordinatorTests.swift; sourceTree = "<group>"; };
		E04047C45EAF89A929CD9BDF /* EncryptedAuditLogTests.swift */ = {isa = PBXFileReference; lastKnownFileType = sourcecode.swift; path = EncryptedAuditLogTests.swift; sourceTree = "<group>"; };
		E81F90A2EE40F7F8684F983A /* InstructionStepCard.swift */ = {isa = PBXFileReference; lastKnownFileType = sourcecode.swift; path = InstructionStepCard.swift; sourceTree = "<group>"; };
		ECE0ABA382348646E9F9859E /* ExecutionBroker.swift */ = {isa = PBXFileReference; lastKnownFileType = sourcecode.swift; path = ExecutionBroker.swift; sourceTree = "<group>"; };
		ED18891CF05BE0EA9E4D51C9 /* VaultWorkbenchCopyTests.swift */ = {isa = PBXFileReference; lastKnownFileType = sourcecode.swift; path = VaultWorkbenchCopyTests.swift; sourceTree = "<group>"; };
		F04B12E92A26C3B39C7C9C5B /* VaultUICopy.swift */ = {isa = PBXFileReference; lastKnownFileType = sourcecode.swift; path = VaultUICopy.swift; sourceTree = "<group>"; };
		FBF2368932F9CC8076EE9BEB /* VaultAuthorizationTests.xctest */ = {isa = PBXFileReference; explicitFileType = wrapper.cfbundle; includeInIndex = 0; path = VaultAuthorizationTests.xctest; sourceTree = BUILT_PRODUCTS_DIR; };
		FC7F118BF83A43C32D12CDD6 /* UnixSocketServer.swift */ = {isa = PBXFileReference; lastKnownFileType = sourcecode.swift; path = UnixSocketServer.swift; sourceTree = "<group>"; };
/* End PBXFileReference section */

/* Begin PBXFrameworksBuildPhase section */
		08B1BDFDE4A81613A4E673A3 /* Frameworks */ = {
			isa = PBXFrameworksBuildPhase;
			buildActionMask = 2147483647;
			files = (
				613FDB6EBDCA8F0DCCAE022A /* AgentSecretVaultApp.framework in Frameworks */,
				1040CDB417AFA2C068902802 /* VaultIPC.framework in Frameworks */,
			);
			runOnlyForDeploymentPostprocessing = 0;
		};
		0B983C3247CE860865E52DDF /* Frameworks */ = {
			isa = PBXFrameworksBuildPhase;
			buildActionMask = 2147483647;
			files = (
				954056E5B84809E03489F5BD /* VaultIPC.framework in Frameworks */,
				BA8A77DDC0A29CF738B55AF1 /* VaultCore.framework in Frameworks */,
				69E3CC07034AE77A0592DB48 /* VaultExecution.framework in Frameworks */,
			);
			runOnlyForDeploymentPostprocessing = 0;
		};
		0CDC1D9359E01F3195BF0683 /* Frameworks */ = {
			isa = PBXFrameworksBuildPhase;
			buildActionMask = 2147483647;
			files = (
				A3B6CB397B3FCDA9AB98097B /* VaultCore.framework in Frameworks */,
				A6B2C533DB06B3DE7B7805ED /* VaultExecution.framework in Frameworks */,
			);
			runOnlyForDeploymentPostprocessing = 0;
		};
		491818B49F71EBE151FBE8DC /* Frameworks */ = {
			isa = PBXFrameworksBuildPhase;
			buildActionMask = 2147483647;
			files = (
				FDE5D3FB0B2CB3A52D586F8E /* VaultCore.framework in Frameworks */,
			);
			runOnlyForDeploymentPostprocessing = 0;
		};
		4967EBA255870EBA9AD01B4E /* Frameworks */ = {
			isa = PBXFrameworksBuildPhase;
			buildActionMask = 2147483647;
			files = (
				33E2BE31F96401366B38415D /* VaultExecution.framework in Frameworks */,
				544051C7732DD36C1AB1ED3A /* VaultCore.framework in Frameworks */,
				7DF4057817940312452A40A6 /* VaultAuthorization.framework in Frameworks */,
			);
			runOnlyForDeploymentPostprocessing = 0;
		};
		6DCB2C6ED1BD4D00AE627655 /* Frameworks */ = {
			isa = PBXFrameworksBuildPhase;
			buildActionMask = 2147483647;
			files = (
				178ED6142B5C94DFB9497174 /* VaultCore.framework in Frameworks */,
				E0DC1F8C4AF313C9610D8EB1 /* VaultAuthorization.framework in Frameworks */,
			);
			runOnlyForDeploymentPostprocessing = 0;
		};
		DDE82EBE22CCCB4713B983A6 /* Frameworks */ = {
			isa = PBXFrameworksBuildPhase;
			buildActionMask = 2147483647;
			files = (
				A9DB4251AD407A3AA08E3AED /* VaultCore.framework in Frameworks */,
				D11C3205AB6D2D2C46701C92 /* VaultAuthorization.framework in Frameworks */,
				99AE103B060E5CD3CE12E47F /* VaultIPC.framework in Frameworks */,
			);
			runOnlyForDeploymentPostprocessing = 0;
		};
		F192098953713A1086BB0CD3 /* Frameworks */ = {
			isa = PBXFrameworksBuildPhase;
			buildActionMask = 2147483647;
			files = (
				301E1602A14BC3693746CF0F /* VaultAuthorization.framework in Frameworks */,
				F3DADE550489AAAAEBDA7D0F /* VaultCore.framework in Frameworks */,
				9B9282C6D5109C80CDE49E47 /* AgentSecretVaultApp.framework in Frameworks */,
				325CE2858AE716AB4C9B4BC3 /* VaultIPC.framework in Frameworks */,
			);
			runOnlyForDeploymentPostprocessing = 0;
		};
/* End PBXFrameworksBuildPhase section */

/* Begin PBXGroup section */
		0F1A5624EB5F2EDDC951B581 /* Services */ = {
			isa = PBXGroup;
			children = (
				398F0C1CE97710B6C1E140E0 /* EncryptSelectionService.swift */,
			);
			path = Services;
			sourceTree = "<group>";
		};
		1EAA01A03B247A1B9FBB3B0C = {
			isa = PBXGroup;
			children = (
				CF2D6903358E783D7F8D39BF /* AgentSecretVaultApp */,
				53140C300DCC84E4D88F8EDB /* LeakTests */,
				3A5CB7585FA55C65AAED5DBF /* VaultAuthorization */,
				2FCA4B2A071444F9A3341991 /* VaultAuthorizationTests */,
				D303334CD9F7C3A8CEAF0432 /* VaultCore */,
				75E5E73027152032AC714B1E /* VaultCoreTests */,
				5B60CEC039CCC10F967E1154 /* VaultExecution */,
				20A4FB4ABF23B629BE7B1D73 /* VaultExecutionTests */,
				96C0427C837D5927CA6F5A9A /* VaultIPC */,
				C36B9F5940BB706D438FC776 /* VaultIPCTests */,
				495FA708D9EC2DA64C6F8B1E /* Products */,
			);
			sourceTree = "<group>";
		};
		20A4FB4ABF23B629BE7B1D73 /* VaultExecutionTests */ = {
			isa = PBXGroup;
			children = (
				068F6017BFABC0F9F724DDC6 /* ExecutionBrokerTests.swift */,
				5CFD32C707884AB57296B2DC /* FoundationProcessRunnerTests.swift */,
				5C4470975586A86A2B51BEC4 /* OutputSanitizerTests.swift */,
				3E8A2D1F69A190F408BD83E6 /* TemplateValidatorTests.swift */,
			);
			name = VaultExecutionTests;
			path = Tests/VaultExecutionTests;
			sourceTree = "<group>";
		};
		2967C654AF58456ABD3F9A6D /* Workbench */ = {
			isa = PBXGroup;
			children = (
				46C3CD4133726E8B882639FB /* ConnectionStatusCard.swift */,
				477A6A243F6915B5990ABA1D /* RevealSessionWindow.swift */,
				D7AA48DC206059E2CDE253F4 /* SetupGuideView.swift */,
				A39FCD70795D28DFF0409942 /* VaultWorkbenchView.swift */,
			);
			path = Workbench;
			sourceTree = "<group>";
		};
		2FCA4B2A071444F9A3341991 /* VaultAuthorizationTests */ = {
			isa = PBXGroup;
			children = (
				8A93F61AF6CEE02941DC56E3 /* AppIPCControllerTests.swift */,
				6DD6728F4B44BF37B56BCCC1 /* AuthorizationSessionTests.swift */,
				230A0104310147543F599824 /* DeviceKeyStoreTests.swift */,
				9475BA82BE21180CC54725D5 /* EncryptSelectionCoordinatorTests.swift */,
				DBFAD3C60A94D0736DFC3FEE /* MasterKeyCoordinatorTests.swift */,
				C5DF5AF08CA1865E095DFD19 /* RevealSessionStoreTests.swift */,
				70F6620BED8EECC8639FE3F2 /* SecureViewerModelTests.swift */,
				4A4FFD5F474C300B6EA94777 /* VaultRecordResolverTests.swift */,
				910934C77627E25B9E2EEF98 /* VaultUICopyTests.swift */,
				ED18891CF05BE0EA9E4D51C9 /* VaultWorkbenchCopyTests.swift */,
			);
			name = VaultAuthorizationTests;
			path = Tests/VaultAuthorizationTests;
			sourceTree = "<group>";
		};
		30568B76E7A77347F6580B3B /* Copy */ = {
			isa = PBXGroup;
			children = (
				F04B12E92A26C3B39C7C9C5B /* VaultUICopy.swift */,
			);
			path = Copy;
			sourceTree = "<group>";
		};
		362A5D466D837B5474C518F4 /* IPC */ = {
			isa = PBXGroup;
			children = (
				D831E7756436FCD1CD661FC0 /* AppIPCController.swift */,
			);
			path = IPC;
			sourceTree = "<group>";
		};
		3A5CB7585FA55C65AAED5DBF /* VaultAuthorization */ = {
			isa = PBXGroup;
			children = (
				3D516329714201C601649E90 /* AuthorizationSession.swift */,
				41D8E80AB31BB877B700B09E /* BiometricAuthorizing.swift */,
				17906FCCA92001E35B05C859 /* DeviceKeyStore.swift */,
				7416E0E120A257AAFC8D8EB1 /* LocalAuthenticator.swift */,
				44F6255CBDC64D728D47A0DF /* MasterKeyCoordinator.swift */,
				70C84A29C4675B2DC09B4411 /* RecoveryKeyStore.swift */,
				A432CB8446238C66798AD338 /* RiskClass.swift */,
			);
			name = VaultAuthorization;
			path = Sources/VaultAuthorization;
			sourceTree = "<group>";
		};
		47032FACA514BAD0EA0A964A /* Crypto */ = {
			isa = PBXGroup;
			children = (
				595445285D2BAB088369475A /* RandomBytes.swift */,
				C043479279EF8194EEB17D71 /* VaultCipher.swift */,
			);
			path = Crypto;
			sourceTree = "<group>";
		};
		495FA708D9EC2DA64C6F8B1E /* Products */ = {
			isa = PBXGroup;
			children = (
				BE70432F8DE10B5500959108 /* AgentSecretVault.app */,
				63F5D406A6125C21AADB774C /* AgentSecretVaultApp.framework */,
				B93F20B98265182A0BF4A5EA /* LeakTests.xctest */,
				873C5E8748C746C1969B5989 /* VaultAuthorization.framework */,
				FBF2368932F9CC8076EE9BEB /* VaultAuthorizationTests.xctest */,
				152A604D4093E5ECB97E2DB0 /* VaultCore.framework */,
				10E2A63DB743A413D156906A /* VaultCoreTests.xctest */,
				44E711499A79A5F3591E9CBF /* VaultExecution.framework */,
				9552939BA69F7695CD4BB0BB /* VaultExecutionTests.xctest */,
				8347118BC278FC424612FB12 /* VaultIPC.framework */,
				48DD5765E2D0221E04B18023 /* VaultIPCTests.xctest */,
			);
			name = Products;
			sourceTree = "<group>";
		};
		4D90C8446DD17DB3283875F4 /* Store */ = {
			isa = PBXGroup;
			children = (
				9243F2FEAAE6DA1B97F3A51E /* EncryptedAuditLog.swift */,
				00E92A9526712032B801FB78 /* FileRecordStore.swift */,
				834AF520878C33A04878C375 /* OrphanScanner.swift */,
				3D99CD22B1841BA6CF877EB3 /* RecordMigrator.swift */,
				BA1CC470853AA6288AEBE2E7 /* RecordStore.swift */,
			);
			path = Store;
			sourceTree = "<group>";
		};
		53140C300DCC84E4D88F8EDB /* LeakTests */ = {
			isa = PBXGroup;
			children = (
				211F11622B266D45650C39AB /* LeakFixtureTests.swift */,
			);
			name = LeakTests;
			path = Tests/LeakTests;
			sourceTree = "<group>";
		};
		5B60CEC039CCC10F967E1154 /* VaultExecution */ = {
			isa = PBXGroup;
			children = (
				ECE0ABA382348646E9F9859E /* ExecutionBroker.swift */,
				BE7F60B3C847EBA94E16143C /* ExecutionRequest.swift */,
				45DA451A56B15C8D880CB7B7 /* ExecutionTemplate.swift */,
				76624FFF725B93374AD31F93 /* FoundationProcessRunner.swift */,
				6C657BE2EC6158989B14BCFA /* OutputSanitizer.swift */,
				9DA49553AEAA23F5BF7919E9 /* ProcessRunning.swift */,
				89E213269F2B56F80660D182 /* TemplateValidator.swift */,
			);
			name = VaultExecution;
			path = Sources/VaultExecution;
			sourceTree = "<group>";
		};
		75E5E73027152032AC714B1E /* VaultCoreTests */ = {
			isa = PBXGroup;
			children = (
				E04047C45EAF89A929CD9BDF /* EncryptedAuditLogTests.swift */,
				2CC02DFEE6424F6FBA1E99EF /* FileRecordStoreTests.swift */,
				4BA05906A6D300759841C011 /* OrphanScannerTests.swift */,
				0939C42D55889E29740FD889 /* RecordMigratorTests.swift */,
				5C757BD62ECBBC0686CD8DC7 /* SecretReferenceTests.swift */,
				30AE4B82C55D540C574C7429 /* SmokeTests.swift */,
				D4FEB24A0D31161000986EA2 /* VaultCipherTests.swift */,
			);
			name = VaultCoreTests;
			path = Tests/VaultCoreTests;
			sourceTree = "<group>";
		};
		7DEB2686E80E1681BEAA6242 /* Orphans */ = {
			isa = PBXGroup;
			children = (
				34789708774FCD69D8518978 /* OrphanReviewView.swift */,
			);
			path = Orphans;
			sourceTree = "<group>";
		};
		8594CB764B8EC91D97B5DF1F /* AppServices */ = {
			isa = PBXGroup;
			children = (
				21CDAEB48D5C096256FE989D /* RevealSessionStore.swift */,
				2B9D7A0D796109480BF744A3 /* VaultAppServices.swift */,
				BF9CAA1FFD027870696F96CD /* VaultRecordResolver.swift */,
			);
			path = AppServices;
			sourceTree = "<group>";
		};
		96C0427C837D5927CA6F5A9A /* VaultIPC */ = {
			isa = PBXGroup;
			children = (
				7CA52CBB7B338FD5F2082702 /* IPCMessage.swift */,
				4495D27A6CC2720CFE78648D /* IPCRequestHandler.swift */,
				FC7F118BF83A43C32D12CDD6 /* UnixSocketServer.swift */,
				37E7113D1625EDDC62A66FF8 /* VaultIPC.swift */,
			);
			name = VaultIPC;
			path = Sources/VaultIPC;
			sourceTree = "<group>";
		};
		9D3F70945E3154B726C6AB69 /* Models */ = {
			isa = PBXGroup;
			children = (
				2584C836A66EB8508C623312 /* AuditEvent.swift */,
				D22F43DF3B68F1294A79AE16 /* EncryptedRecord.swift */,
				0047E32E5D06B11C5797C871 /* SecretReference.swift */,
			);
			path = Models;
			sourceTree = "<group>";
		};
		A1DEDD8D9111038BFAACAE9E /* Dashboard */ = {
			isa = PBXGroup;
			children = (
				E81F90A2EE40F7F8684F983A /* InstructionStepCard.swift */,
				0134F352B0F19B51E3360E86 /* OverviewGuideView.swift */,
				148069E65B634F445C8E15A6 /* SecurityBoundaryCard.swift */,
				4C2FA62F8B56B0618D1244C8 /* VaultDashboardView.swift */,
			);
			path = Dashboard;
			sourceTree = "<group>";
		};
		C36B9F5940BB706D438FC776 /* VaultIPCTests */ = {
			isa = PBXGroup;
			children = (
				732CC92EF3064CA06721A5DC /* IPCMessageTests.swift */,
				58C963E076CB797985CA0992 /* IPCRequestHandlerTests.swift */,
				C1CB06E0EA917CE3886A0380 /* IPCWorkbenchMessageTests.swift */,
			);
			name = VaultIPCTests;
			path = Tests/VaultIPCTests;
			sourceTree = "<group>";
		};
		C3D8422EAD43A44606A7EA70 /* SecureViewer */ = {
			isa = PBXGroup;
			children = (
				AFB210516492FB189FBE7BAC /* SecureViewerModel.swift */,
				7BFFBA845365D35828E227A7 /* SecureViewerView.swift */,
			);
			path = SecureViewer;
			sourceTree = "<group>";
		};
		CF2D6903358E783D7F8D39BF /* AgentSecretVaultApp */ = {
			isa = PBXGroup;
			children = (
				A25504036D47D31EE4E7511B /* AgentSecretVaultApp.swift */,
				4E838C75776FBAFAE527F127 /* EncryptSelectionCoordinator.swift */,
				64779477930C89D60B24982F /* SelectionReplacing.swift */,
				8594CB764B8EC91D97B5DF1F /* AppServices */,
				30568B76E7A77347F6580B3B /* Copy */,
				A1DEDD8D9111038BFAACAE9E /* Dashboard */,
				362A5D466D837B5474C518F4 /* IPC */,
				7DEB2686E80E1681BEAA6242 /* Orphans */,
				C3D8422EAD43A44606A7EA70 /* SecureViewer */,
				0F1A5624EB5F2EDDC951B581 /* Services */,
				2967C654AF58456ABD3F9A6D /* Workbench */,
			);
			name = AgentSecretVaultApp;
			path = Sources/AgentSecretVaultApp;
			sourceTree = "<group>";
		};
		D303334CD9F7C3A8CEAF0432 /* VaultCore */ = {
			isa = PBXGroup;
			children = (
				5B341FE47429FE4DC462C267 /* VaultCore.swift */,
				47032FACA514BAD0EA0A964A /* Crypto */,
				9D3F70945E3154B726C6AB69 /* Models */,
				4D90C8446DD17DB3283875F4 /* Store */,
			);
			name = VaultCore;
			path = Sources/VaultCore;
			sourceTree = "<group>";
		};
/* End PBXGroup section */

/* Begin PBXNativeTarget section */
		37D669435F1F98C8BA878445 /* VaultExecution */ = {
			isa = PBXNativeTarget;
			buildConfigurationList = C35EFB119DFABD8F80C07326 /* Build configuration list for PBXNativeTarget "VaultExecution" */;
			buildPhases = (
				501ADF45653035A97672734E /* Sources */,
				6DCB2C6ED1BD4D00AE627655 /* Frameworks */,
			);
			buildRules = (
			);
			dependencies = (
				BB192C6F639CFC634649AC96 /* PBXTargetDependency */,
				00B948C3C97B42F63068F35B /* PBXTargetDependency */,
			);
			name = VaultExecution;
			packageProductDependencies = (
			);
			productName = VaultExecution;
			productReference = 44E711499A79A5F3591E9CBF /* VaultExecution.framework */;
			productType = "com.apple.product-type.framework";
		};
		7903CCB8DDC2D9E64D67EF83 /* AgentSecretVault */ = {
			isa = PBXNativeTarget;
			buildConfigurationList = 2F383D57E64881FC537099EA /* Build configuration list for PBXNativeTarget "AgentSecretVault" */;
			buildPhases = (
				41CE1E6DDDA15DB71DD70425 /* Sources */,
				08B1BDFDE4A81613A4E673A3 /* Frameworks */,
				44AB07F31A2ADD458ED4C5B8 /* Embed Frameworks */,
			);
			buildRules = (
			);
			dependencies = (
				7E362EBD1704EB54DCC439EB /* PBXTargetDependency */,
				6210304BEB34580A8F07EF4F /* PBXTargetDependency */,
			);
			name = AgentSecretVault;
			packageProductDependencies = (
			);
			productName = AgentSecretVault;
			productReference = BE70432F8DE10B5500959108 /* AgentSecretVault.app */;
			productType = "com.apple.product-type.application";
		};
		80070F72AE7434D0324B2C9D /* VaultCore */ = {
			isa = PBXNativeTarget;
			buildConfigurationList = 4EE1869613566E1E7BA7E5A4 /* Build configuration list for PBXNativeTarget "VaultCore" */;
			buildPhases = (
				52D43BBF6FDE18AB42B6DD8C /* Sources */,
			);
			buildRules = (
			);
			dependencies = (
			);
			name = VaultCore;
			packageProductDependencies = (
			);
			productName = VaultCore;
			productReference = 152A604D4093E5ECB97E2DB0 /* VaultCore.framework */;
			productType = "com.apple.product-type.framework";
		};
		9227D2F55FB4803209A319E0 /* LeakTests */ = {
			isa = PBXNativeTarget;
			buildConfigurationList = E6260A892F10DB7C42053B00 /* Build configuration list for PBXNativeTarget "LeakTests" */;
			buildPhases = (
				AFCB821BB93E680F67A74C83 /* Sources */,
			);
			buildRules = (
			);
			dependencies = (
			);
			name = LeakTests;
			packageProductDependencies = (
			);
			productName = LeakTests;
			productReference = B93F20B98265182A0BF4A5EA /* LeakTests.xctest */;
			productType = "com.apple.product-type.bundle.unit-test";
		};
		9F2E69B01BADE19D1D01BD87 /* VaultAuthorizationTests */ = {
			isa = PBXNativeTarget;
			buildConfigurationList = 8C26568FFE1E9344F1B79F6D /* Build configuration list for PBXNativeTarget "VaultAuthorizationTests" */;
			buildPhases = (
				B827B6E56AEE3E1D0F254DBA /* Sources */,
				F192098953713A1086BB0CD3 /* Frameworks */,
				F4FBF441632188A70B25C45C /* Embed Frameworks */,
			);
			buildRules = (
			);
			dependencies = (
				3A4E01966507127E44131DB7 /* PBXTargetDependency */,
				BBFD72A494A1DCFC8D2B12C2 /* PBXTargetDependency */,
				136A3DDBF09B4B36A4CFE732 /* PBXTargetDependency */,
				B111F4316594F34F8DC8E501 /* PBXTargetDependency */,
			);
			name = VaultAuthorizationTests;
			packageProductDependencies = (
			);
			productName = VaultAuthorizationTests;
			productReference = FBF2368932F9CC8076EE9BEB /* VaultAuthorizationTests.xctest */;
			productType = "com.apple.product-type.bundle.unit-test";
		};
		AE5F1C6D2F8A37D4BCC25000 /* VaultAuthorization */ = {
			isa = PBXNativeTarget;
			buildConfigurationList = FAD259CDC466726CC207DA86 /* Build configuration list for PBXNativeTarget "VaultAuthorization" */;
			buildPhases = (
				DE82727FA2CAC3ED39A33140 /* Sources */,
			);
			buildRules = (
			);
			dependencies = (
			);
			name = VaultAuthorization;
			packageProductDependencies = (
			);
			productName = VaultAuthorization;
			productReference = 873C5E8748C746C1969B5989 /* VaultAuthorization.framework */;
			productType = "com.apple.product-type.framework";
		};
		B7A08F9AACC69B82887EFB79 /* VaultIPC */ = {
			isa = PBXNativeTarget;
			buildConfigurationList = 81481FF81E3381D3682B291E /* Build configuration list for PBXNativeTarget "VaultIPC" */;
			buildPhases = (
				8E9CE8605465988F35F61E70 /* Sources */,
				0CDC1D9359E01F3195BF0683 /* Frameworks */,
			);
			buildRules = (
			);
			dependencies = (
				A50CC383D72398A85E8B3111 /* PBXTargetDependency */,
				6FDA032D972A9F799CE8833C /* PBXTargetDependency */,
			);
			name = VaultIPC;
			packageProductDependencies = (
			);
			productName = VaultIPC;
			productReference = 8347118BC278FC424612FB12 /* VaultIPC.framework */;
			productType = "com.apple.product-type.framework";
		};
		C08481FCD4968D7B74A8CC61 /* VaultIPCTests */ = {
			isa = PBXNativeTarget;
			buildConfigurationList = C59BCEA22E7C3D4FA1FF8D89 /* Build configuration list for PBXNativeTarget "VaultIPCTests" */;
			buildPhases = (
				DF3956F6286916D9FC8C3EC7 /* Sources */,
				0B983C3247CE860865E52DDF /* Frameworks */,
				B770DE95E2AD45DA216FF902 /* Embed Frameworks */,
			);
			buildRules = (
			);
			dependencies = (
				B0DDE7DD2F293C001ED4AA91 /* PBXTargetDependency */,
				1E38C71DBA7CA43339387B3C /* PBXTargetDependency */,
				4128EC0590870B8219B72DF1 /* PBXTargetDependency */,
			);
			name = VaultIPCTests;
			packageProductDependencies = (
			);
			productName = VaultIPCTests;
			productReference = 48DD5765E2D0221E04B18023 /* VaultIPCTests.xctest */;
			productType = "com.apple.product-type.bundle.unit-test";
		};
		D9C3828CF7D7204C0BA50D71 /* VaultCoreTests */ = {
			isa = PBXNativeTarget;
			buildConfigurationList = 28460F0C0DEBF3CCAD5B3D63 /* Build configuration list for PBXNativeTarget "VaultCoreTests" */;
			buildPhases = (
				ACE9249FD396AA406284741A /* Sources */,
				491818B49F71EBE151FBE8DC /* Frameworks */,
				2DD4EEBB3B1FE39894D7A6B3 /* Embed Frameworks */,
			);
			buildRules = (
			);
			dependencies = (
				5A12C752D638A702F0497325 /* PBXTargetDependency */,
			);
			name = VaultCoreTests;
			packageProductDependencies = (
			);
			productName = VaultCoreTests;
			productReference = 10E2A63DB743A413D156906A /* VaultCoreTests.xctest */;
			productType = "com.apple.product-type.bundle.unit-test";
		};
		DA878B25FC53EE16E95B63F8 /* AgentSecretVaultApp */ = {
			isa = PBXNativeTarget;
			buildConfigurationList = DBE5517E92656B816CA26078 /* Build configuration list for PBXNativeTarget "AgentSecretVaultApp" */;
			buildPhases = (
				FA94CF60D0CC725599ACFE38 /* Sources */,
				DDE82EBE22CCCB4713B983A6 /* Frameworks */,
			);
			buildRules = (
			);
			dependencies = (
				77B8CA2088D57286BE940768 /* PBXTargetDependency */,
				8E0A315CDA7AAA4BFDE95586 /* PBXTargetDependency */,
				991EF91C23436A36622164D7 /* PBXTargetDependency */,
			);
			name = AgentSecretVaultApp;
			packageProductDependencies = (
			);
			productName = AgentSecretVaultApp;
			productReference = 63F5D406A6125C21AADB774C /* AgentSecretVaultApp.framework */;
			productType = "com.apple.product-type.framework";
		};
		ED0DAB482BB242FAE517CCAC /* VaultExecutionTests */ = {
			isa = PBXNativeTarget;
			buildConfigurationList = 3DC77592D46019256DDBE95D /* Build configuration list for PBXNativeTarget "VaultExecutionTests" */;
			buildPhases = (
				C77801B85FF74A15F54D8D31 /* Sources */,
				4967EBA255870EBA9AD01B4E /* Frameworks */,
				97CA5A04E2C44941C707A46B /* Embed Frameworks */,
			);
			buildRules = (
			);
			dependencies = (
				18F41172E39E7C9E495FE9D1 /* PBXTargetDependency */,
				8DF7236A4C09CFDF9C7CEF2A /* PBXTargetDependency */,
				85843800BDD95940B9237136 /* PBXTargetDependency */,
			);
			name = VaultExecutionTests;
			packageProductDependencies = (
			);
			productName = VaultExecutionTests;
			productReference = 9552939BA69F7695CD4BB0BB /* VaultExecutionTests.xctest */;
			productType = "com.apple.product-type.bundle.unit-test";
		};
/* End PBXNativeTarget section */

/* Begin PBXProject section */
		672B1683207D2FE9D7045D82 /* Project object */ = {
			isa = PBXProject;
			attributes = {
				BuildIndependentTargetsInParallel = YES;
				LastUpgradeCheck = 1430;
				TargetAttributes = {
				};
			};
			buildConfigurationList = 039B3A03DBEE118D081273A9 /* Build configuration list for PBXProject "AgentSecretVault" */;
			developmentRegion = en;
			hasScannedForEncodings = 0;
			knownRegions = (
				Base,
				en,
			);
			mainGroup = 1EAA01A03B247A1B9FBB3B0C;
			minimizedProjectReferenceProxies = 1;
			preferredProjectObjectVersion = 77;
			productRefGroup = 495FA708D9EC2DA64C6F8B1E /* Products */;
			projectDirPath = "";
			projectRoot = "";
			targets = (
				7903CCB8DDC2D9E64D67EF83 /* AgentSecretVault */,
				DA878B25FC53EE16E95B63F8 /* AgentSecretVaultApp */,
				9227D2F55FB4803209A319E0 /* LeakTests */,
				AE5F1C6D2F8A37D4BCC25000 /* VaultAuthorization */,
				9F2E69B01BADE19D1D01BD87 /* VaultAuthorizationTests */,
				80070F72AE7434D0324B2C9D /* VaultCore */,
				D9C3828CF7D7204C0BA50D71 /* VaultCoreTests */,
				37D669435F1F98C8BA878445 /* VaultExecution */,
				ED0DAB482BB242FAE517CCAC /* VaultExecutionTests */,
				B7A08F9AACC69B82887EFB79 /* VaultIPC */,
				C08481FCD4968D7B74A8CC61 /* VaultIPCTests */,
			);
		};
/* End PBXProject section */

/* Begin PBXSourcesBuildPhase section */
		41CE1E6DDDA15DB71DD70425 /* Sources */ = {
			isa = PBXSourcesBuildPhase;
			buildActionMask = 2147483647;
			files = (
				E2A1B681D23127C4513C9C5D /* AgentSecretVaultApp.swift in Sources */,
			);
			runOnlyForDeploymentPostprocessing = 0;
		};
		501ADF45653035A97672734E /* Sources */ = {
			isa = PBXSourcesBuildPhase;
			buildActionMask = 2147483647;
			files = (
				F349FE47AD62FE03DB8A438C /* ExecutionBroker.swift in Sources */,
				1B452D75C8772703CE489968 /* ExecutionRequest.swift in Sources */,
				C2B3AFC5FF41064C34641832 /* ExecutionTemplate.swift in Sources */,
				F76B0CAB0F203046E5360B40 /* FoundationProcessRunner.swift in Sources */,
				39AA4F34F344E2AB0ED8253F /* OutputSanitizer.swift in Sources */,
				FDC6E9995D8106AE766D7D93 /* ProcessRunning.swift in Sources */,
				376BD20EAEF0D334B379D6E0 /* TemplateValidator.swift in Sources */,
			);
			runOnlyForDeploymentPostprocessing = 0;
		};
		52D43BBF6FDE18AB42B6DD8C /* Sources */ = {
			isa = PBXSourcesBuildPhase;
			buildActionMask = 2147483647;
			files = (
				61DB4BA5DCA8E6905C88D158 /* AuditEvent.swift in Sources */,
				82433E41F82B46F6F532FB69 /* EncryptedAuditLog.swift in Sources */,
				D7730ED7F2FE012B27E8796C /* EncryptedRecord.swift in Sources */,
				30FE43E16AC503F880C2939C /* FileRecordStore.swift in Sources */,
				7C1ECEF05E16DBDE66F38739 /* OrphanScanner.swift in Sources */,
				1304960352E633F3379AFE87 /* RandomBytes.swift in Sources */,
				C66B46AD0965D07BE5C5A5E9 /* RecordMigrator.swift in Sources */,
				F72022F358BD9ED045667C6C /* RecordStore.swift in Sources */,
				ABB3B1DC5FB19D24F3291A74 /* SecretReference.swift in Sources */,
				E9AC8C529DF4B6A9F0091232 /* VaultCipher.swift in Sources */,
				7E8E998F6C375013C483E4CF /* VaultCore.swift in Sources */,
			);
			runOnlyForDeploymentPostprocessing = 0;
		};
		8E9CE8605465988F35F61E70 /* Sources */ = {
			isa = PBXSourcesBuildPhase;
			buildActionMask = 2147483647;
			files = (
				1F1568BFD7525B9020E0DE15 /* IPCMessage.swift in Sources */,
				A144FA793F9C2DDA7C74DE56 /* IPCRequestHandler.swift in Sources */,
				5270BF5749AD5CCB2CF09F46 /* UnixSocketServer.swift in Sources */,
				E0723017A1E7F9B52A14BA8B /* VaultIPC.swift in Sources */,
			);
			runOnlyForDeploymentPostprocessing = 0;
		};
		ACE9249FD396AA406284741A /* Sources */ = {
			isa = PBXSourcesBuildPhase;
			buildActionMask = 2147483647;
			files = (
				AE0160D05E432B2F384942AD /* EncryptedAuditLogTests.swift in Sources */,
				E6F2BBB724669D211C445F21 /* FileRecordStoreTests.swift in Sources */,
				CB8380D0802A725CA937DA89 /* OrphanScannerTests.swift in Sources */,
				A321C1A0D330E346B61C791F /* RecordMigratorTests.swift in Sources */,
				FE0A0C65F1BB294B697ABA95 /* SecretReferenceTests.swift in Sources */,
				7FE86D50BE116091F855CCAC /* SmokeTests.swift in Sources */,
				759967029B18E891FCF6F5C2 /* VaultCipherTests.swift in Sources */,
			);
			runOnlyForDeploymentPostprocessing = 0;
		};
		AFCB821BB93E680F67A74C83 /* Sources */ = {
			isa = PBXSourcesBuildPhase;
			buildActionMask = 2147483647;
			files = (
				4A7D39F5C07BA809524C7AE4 /* LeakFixtureTests.swift in Sources */,
			);
			runOnlyForDeploymentPostprocessing = 0;
		};
		B827B6E56AEE3E1D0F254DBA /* Sources */ = {
			isa = PBXSourcesBuildPhase;
			buildActionMask = 2147483647;
			files = (
				D2A9CE1E14940088D4CAA5D6 /* AppIPCControllerTests.swift in Sources */,
				1572006CADBDB81555FEE30A /* AuthorizationSessionTests.swift in Sources */,
				855D4EAB807F3C6D9E6D2B3F /* DeviceKeyStoreTests.swift in Sources */,
				0EA762CFF629300107D2C1A7 /* EncryptSelectionCoordinatorTests.swift in Sources */,
				9CA5D51B4B7F4E31567D607C /* MasterKeyCoordinatorTests.swift in Sources */,
				D40839A4B83BD47369A97001 /* RevealSessionStoreTests.swift in Sources */,
				470801D614D02E545372F074 /* SecureViewerModelTests.swift in Sources */,
				882EF92F36F74E446840EEA6 /* VaultRecordResolverTests.swift in Sources */,
				66340A2CD505540D7B8E4BE7 /* VaultUICopyTests.swift in Sources */,
				EC5B3CF943640BE177B9D183 /* VaultWorkbenchCopyTests.swift in Sources */,
			);
			runOnlyForDeploymentPostprocessing = 0;
		};
		C77801B85FF74A15F54D8D31 /* Sources */ = {
			isa = PBXSourcesBuildPhase;
			buildActionMask = 2147483647;
			files = (
				7F91E0E71A9803CD0FED6B33 /* ExecutionBrokerTests.swift in Sources */,
				3C0EF4F70DE68663E926B3E6 /* FoundationProcessRunnerTests.swift in Sources */,
				D7CC3506688C0823474CA53A /* OutputSanitizerTests.swift in Sources */,
				F3AB50E4571CEDA56EA33B71 /* TemplateValidatorTests.swift in Sources */,
			);
			runOnlyForDeploymentPostprocessing = 0;
		};
		DE82727FA2CAC3ED39A33140 /* Sources */ = {
			isa = PBXSourcesBuildPhase;
			buildActionMask = 2147483647;
			files = (
				8178653BA2E48771E9BD5772 /* AuthorizationSession.swift in Sources */,
				0C10F85F60D5002DD22ABBC3 /* BiometricAuthorizing.swift in Sources */,
				6121EC1FDA447E4DA09E0EEC /* DeviceKeyStore.swift in Sources */,
				13D5B5D46C7995CFABB452A3 /* LocalAuthenticator.swift in Sources */,
				F23629CE7ADF68B2F5B11B94 /* MasterKeyCoordinator.swift in Sources */,
				A32D3D9C633F8718F4CB18EC /* RecoveryKeyStore.swift in Sources */,
				2CE0631F6417C573C50CF552 /* RiskClass.swift in Sources */,
			);
			runOnlyForDeploymentPostprocessing = 0;
		};
		DF3956F6286916D9FC8C3EC7 /* Sources */ = {
			isa = PBXSourcesBuildPhase;
			buildActionMask = 2147483647;
			files = (
				26EC21F9BCCB38FCA168D04C /* IPCMessageTests.swift in Sources */,
				D4A8778DB5DD7607CD7814D3 /* IPCRequestHandlerTests.swift in Sources */,
				6FFB8EC1AA969D8F4A9DCEA5 /* IPCWorkbenchMessageTests.swift in Sources */,
			);
			runOnlyForDeploymentPostprocessing = 0;
		};
		FA94CF60D0CC725599ACFE38 /* Sources */ = {
			isa = PBXSourcesBuildPhase;
			buildActionMask = 2147483647;
			files = (
				9E819067BE14D9C2E2238DF4 /* AppIPCController.swift in Sources */,
				9407BE52CF3848457E752F43 /* ConnectionStatusCard.swift in Sources */,
				90BBDCFCE2A59C5B1FEB3C6D /* EncryptSelectionCoordinator.swift in Sources */,
				E1F886DD66891F419F1D6641 /* EncryptSelectionService.swift in Sources */,
				269D40B291F18F63A000E3A5 /* InstructionStepCard.swift in Sources */,
				74B51BBA52A0415C39675269 /* OrphanReviewView.swift in Sources */,
				4230317926F7DA1EEADF5DE2 /* OverviewGuideView.swift in Sources */,
				AE11A6288E89567BC2902A2A /* RevealSessionStore.swift in Sources */,
				CF02741EA5E8DADA6E62C389 /* RevealSessionWindow.swift in Sources */,
				8CF18F5B6F853F5F90F3CF5D /* SecureViewerModel.swift in Sources */,
				4E3B6533B15BF622D3B6D737 /* SecureViewerView.swift in Sources */,
				5617CFF5024E8249A82ABD8E /* SecurityBoundaryCard.swift in Sources */,
				2365B1B2DDA6F66F66B6AD72 /* SelectionReplacing.swift in Sources */,
				21045F6295440D7C678600C2 /* SetupGuideView.swift in Sources */,
				E6A964A48E233C3CF56623AF /* VaultAppServices.swift in Sources */,
				542AF74629B540D62E93397A /* VaultDashboardView.swift in Sources */,
				E6585EC3A90B42818C0401C1 /* VaultRecordResolver.swift in Sources */,
				55EADB7D403B83D62C4499EB /* VaultUICopy.swift in Sources */,
				EF64CE7C7A91E5B87BB29C2A /* VaultWorkbenchView.swift in Sources */,
			);
			runOnlyForDeploymentPostprocessing = 0;
		};
/* End PBXSourcesBuildPhase section */

/* Begin PBXTargetDependency section */
		00B948C3C97B42F63068F35B /* PBXTargetDependency */ = {
			isa = PBXTargetDependency;
			target = AE5F1C6D2F8A37D4BCC25000 /* VaultAuthorization */;
			targetProxy = 7D9645F6B865E70E23049EC0 /* PBXContainerItemProxy */;
		};
		136A3DDBF09B4B36A4CFE732 /* PBXTargetDependency */ = {
			isa = PBXTargetDependency;
			target = DA878B25FC53EE16E95B63F8 /* AgentSecretVaultApp */;
			targetProxy = 0E5AE24028AE04702E977BFB /* PBXContainerItemProxy */;
		};
		18F41172E39E7C9E495FE9D1 /* PBXTargetDependency */ = {
			isa = PBXTargetDependency;
			target = 37D669435F1F98C8BA878445 /* VaultExecution */;
			targetProxy = 1674208B6402E4ED560F0B23 /* PBXContainerItemProxy */;
		};
		1E38C71DBA7CA43339387B3C /* PBXTargetDependency */ = {
			isa = PBXTargetDependency;
			target = 80070F72AE7434D0324B2C9D /* VaultCore */;
			targetProxy = 01EAB680388E83549639E5DD /* PBXContainerItemProxy */;
		};
		3A4E01966507127E44131DB7 /* PBXTargetDependency */ = {
			isa = PBXTargetDependency;
			target = AE5F1C6D2F8A37D4BCC25000 /* VaultAuthorization */;
			targetProxy = E924889B295917213DFB31B2 /* PBXContainerItemProxy */;
		};
		4128EC0590870B8219B72DF1 /* PBXTargetDependency */ = {
			isa = PBXTargetDependency;
			target = 37D669435F1F98C8BA878445 /* VaultExecution */;
			targetProxy = 617ED460CC5DF19DB19FFE1D /* PBXContainerItemProxy */;
		};
		5A12C752D638A702F0497325 /* PBXTargetDependency */ = {
			isa = PBXTargetDependency;
			target = 80070F72AE7434D0324B2C9D /* VaultCore */;
			targetProxy = 914BACEFDB230C68D25DA5F5 /* PBXContainerItemProxy */;
		};
		6210304BEB34580A8F07EF4F /* PBXTargetDependency */ = {
			isa = PBXTargetDependency;
			target = B7A08F9AACC69B82887EFB79 /* VaultIPC */;
			targetProxy = E4469956A8D2554CB11328C2 /* PBXContainerItemProxy */;
		};
		6FDA032D972A9F799CE8833C /* PBXTargetDependency */ = {
			isa = PBXTargetDependency;
			target = 37D669435F1F98C8BA878445 /* VaultExecution */;
			targetProxy = 8DF22B136C0F16F4B7F6317F /* PBXContainerItemProxy */;
		};
		77B8CA2088D57286BE940768 /* PBXTargetDependency */ = {
			isa = PBXTargetDependency;
			target = 80070F72AE7434D0324B2C9D /* VaultCore */;
			targetProxy = 0E6953227161D692E9148439 /* PBXContainerItemProxy */;
		};
		7E362EBD1704EB54DCC439EB /* PBXTargetDependency */ = {
			isa = PBXTargetDependency;
			target = DA878B25FC53EE16E95B63F8 /* AgentSecretVaultApp */;
			targetProxy = 4C11E323AB1DFB2CE43225A3 /* PBXContainerItemProxy */;
		};
		85843800BDD95940B9237136 /* PBXTargetDependency */ = {
			isa = PBXTargetDependency;
			target = AE5F1C6D2F8A37D4BCC25000 /* VaultAuthorization */;
			targetProxy = D4EF64CAD94092A84B794673 /* PBXContainerItemProxy */;
		};
		8DF7236A4C09CFDF9C7CEF2A /* PBXTargetDependency */ = {
			isa = PBXTargetDependency;
			target = 80070F72AE7434D0324B2C9D /* VaultCore */;
			targetProxy = D7C87E89AEC0EC70782658D4 /* PBXContainerItemProxy */;
		};
		8E0A315CDA7AAA4BFDE95586 /* PBXTargetDependency */ = {
			isa = PBXTargetDependency;
			target = AE5F1C6D2F8A37D4BCC25000 /* VaultAuthorization */;
			targetProxy = C0DA6C34466AE19722D5F6FE /* PBXContainerItemProxy */;
		};
		991EF91C23436A36622164D7 /* PBXTargetDependency */ = {
			isa = PBXTargetDependency;
			target = B7A08F9AACC69B82887EFB79 /* VaultIPC */;
			targetProxy = 1EFD58899F5BE41BDEAF9AEF /* PBXContainerItemProxy */;
		};
		A50CC383D72398A85E8B3111 /* PBXTargetDependency */ = {
			isa = PBXTargetDependency;
			target = 80070F72AE7434D0324B2C9D /* VaultCore */;
			targetProxy = DEE30987E2FF11DA4F508BC1 /* PBXContainerItemProxy */;
		};
		B0DDE7DD2F293C001ED4AA91 /* PBXTargetDependency */ = {
			isa = PBXTargetDependency;
			target = B7A08F9AACC69B82887EFB79 /* VaultIPC */;
			targetProxy = 710F7FAFC5CEF2940AFE120F /* PBXContainerItemProxy */;
		};
		B111F4316594F34F8DC8E501 /* PBXTargetDependency */ = {
			isa = PBXTargetDependency;
			target = B7A08F9AACC69B82887EFB79 /* VaultIPC */;
			targetProxy = EACA44092368A959D7D3D07C /* PBXContainerItemProxy */;
		};
		BB192C6F639CFC634649AC96 /* PBXTargetDependency */ = {
			isa = PBXTargetDependency;
			target = 80070F72AE7434D0324B2C9D /* VaultCore */;
			targetProxy = 5F786794CAE422D131D8D663 /* PBXContainerItemProxy */;
		};
		BBFD72A494A1DCFC8D2B12C2 /* PBXTargetDependency */ = {
			isa = PBXTargetDependency;
			target = 80070F72AE7434D0324B2C9D /* VaultCore */;
			targetProxy = DE3CF320319A574C9E17049C /* PBXContainerItemProxy */;
		};
/* End PBXTargetDependency section */

/* Begin XCBuildConfiguration section */
		02FD6FA3CC3D401C554F0DD3 /* Debug */ = {
			isa = XCBuildConfiguration;
			buildSettings = {
				CODE_SIGN_IDENTITY = "";
				COMBINE_HIDPI_IMAGES = YES;
				CURRENT_PROJECT_VERSION = 1;
				DEFINES_MODULE = YES;
				DYLIB_COMPATIBILITY_VERSION = 1;
				DYLIB_CURRENT_VERSION = 1;
				DYLIB_INSTALL_NAME_BASE = "@rpath";
				GENERATE_INFOPLIST_FILE = YES;
				INSTALL_PATH = "$(LOCAL_LIBRARY_DIR)/Frameworks";
				LD_RUNPATH_SEARCH_PATHS = (
					"$(inherited)",
					"@executable_path/../Frameworks",
				);
				MACOSX_DEPLOYMENT_TARGET = 14.0;
				SDKROOT = macosx;
				SKIP_INSTALL = YES;
				VERSIONING_SYSTEM = "apple-generic";
			};
			name = Debug;
		};
		1EC72FA1C787890852647ABE /* Release */ = {
			isa = XCBuildConfiguration;
			buildSettings = {
				BUNDLE_LOADER = "$(TEST_HOST)";
				COMBINE_HIDPI_IMAGES = YES;
				GENERATE_INFOPLIST_FILE = YES;
				LD_RUNPATH_SEARCH_PATHS = (
					"$(inherited)",
					"@executable_path/../Frameworks",
					"@loader_path/../Frameworks",
				);
				MACOSX_DEPLOYMENT_TARGET = 14.0;
				SDKROOT = macosx;
			};
			name = Release;
		};
		22C8CD21AAB7F45F0895B8B0 /* Release */ = {
			isa = XCBuildConfiguration;
			buildSettings = {
				CODE_SIGN_IDENTITY = "";
				COMBINE_HIDPI_IMAGES = YES;
				CURRENT_PROJECT_VERSION = 1;
				DEFINES_MODULE = YES;
				DYLIB_COMPATIBILITY_VERSION = 1;
				DYLIB_CURRENT_VERSION = 1;
				DYLIB_INSTALL_NAME_BASE = "@rpath";
				GENERATE_INFOPLIST_FILE = YES;
				INSTALL_PATH = "$(LOCAL_LIBRARY_DIR)/Frameworks";
				LD_RUNPATH_SEARCH_PATHS = (
					"$(inherited)",
					"@executable_path/../Frameworks",
				);
				MACOSX_DEPLOYMENT_TARGET = 14.0;
				SDKROOT = macosx;
				SKIP_INSTALL = YES;
				VERSIONING_SYSTEM = "apple-generic";
			};
			name = Release;
		};
		2BA71448A5B2387D4B431F0B /* Debug */ = {
			isa = XCBuildConfiguration;
			buildSettings = {
				ASSETCATALOG_COMPILER_APPICON_NAME = AppIcon;
				COMBINE_HIDPI_IMAGES = YES;
				INFOPLIST_FILE = Config/Info.plist;
				LD_RUNPATH_SEARCH_PATHS = (
					"$(inherited)",
					"@executable_path/../Frameworks",
				);
				MACOSX_DEPLOYMENT_TARGET = 14.0;
				SDKROOT = macosx;
			};
			name = Debug;
		};
		3441755DC5B87258D9B64D3F /* Debug */ = {
			isa = XCBuildConfiguration;
			buildSettings = {
				BUNDLE_LOADER = "$(TEST_HOST)";
				COMBINE_HIDPI_IMAGES = YES;
				GENERATE_INFOPLIST_FILE = YES;
				LD_RUNPATH_SEARCH_PATHS = (
					"$(inherited)",
					"@executable_path/../Frameworks",
					"@loader_path/../Frameworks",
				);
				MACOSX_DEPLOYMENT_TARGET = 14.0;
				SDKROOT = macosx;
			};
			name = Debug;
		};
		3EF731E93AB55396C5956D3D /* Debug */ = {
			isa = XCBuildConfiguration;
			buildSettings = {
				CODE_SIGN_IDENTITY = "";
				COMBINE_HIDPI_IMAGES = YES;
				CURRENT_PROJECT_VERSION = 1;
				DEFINES_MODULE = YES;
				DYLIB_COMPATIBILITY_VERSION = 1;
				DYLIB_CURRENT_VERSION = 1;
				DYLIB_INSTALL_NAME_BASE = "@rpath";
				GENERATE_INFOPLIST_FILE = YES;
				INSTALL_PATH = "$(LOCAL_LIBRARY_DIR)/Frameworks";
				LD_RUNPATH_SEARCH_PATHS = (
					"$(inherited)",
					"@executable_path/../Frameworks",
				);
				MACOSX_DEPLOYMENT_TARGET = 14.0;
				SDKROOT = macosx;
				SKIP_INSTALL = YES;
				VERSIONING_SYSTEM = "apple-generic";
			};
			name = Debug;
		};
		40C7FA4DB7C33092544DF46F /* Debug */ = {
			isa = XCBuildConfiguration;
			buildSettings = {
				CODE_SIGN_IDENTITY = "";
				COMBINE_HIDPI_IMAGES = YES;
				CURRENT_PROJECT_VERSION = 1;
				DEFINES_MODULE = YES;
				DYLIB_COMPATIBILITY_VERSION = 1;
				DYLIB_CURRENT_VERSION = 1;
				DYLIB_INSTALL_NAME_BASE = "@rpath";
				GENERATE_INFOPLIST_FILE = YES;
				INSTALL_PATH = "$(LOCAL_LIBRARY_DIR)/Frameworks";
				LD_RUNPATH_SEARCH_PATHS = (
					"$(inherited)",
					"@executable_path/../Frameworks",
				);
				MACOSX_DEPLOYMENT_TARGET = 14.0;
				SDKROOT = macosx;
				SKIP_INSTALL = YES;
				VERSIONING_SYSTEM = "apple-generic";
			};
			name = Debug;
		};
		49B8D1685DC604CE742BB52C /* Debug */ = {
			isa = XCBuildConfiguration;
			buildSettings = {
				BUNDLE_LOADER = "$(TEST_HOST)";
				COMBINE_HIDPI_IMAGES = YES;
				GENERATE_INFOPLIST_FILE = YES;
				LD_RUNPATH_SEARCH_PATHS = (
					"$(inherited)",
					"@executable_path/../Frameworks",
					"@loader_path/../Frameworks",
				);
				MACOSX_DEPLOYMENT_TARGET = 14.0;
				SDKROOT = macosx;
			};
			name = Debug;
		};
		4C432E766840F144DF93F9FF /* Debug */ = {
			isa = XCBuildConfiguration;
			buildSettings = {
				BUNDLE_LOADER = "$(TEST_HOST)";
				COMBINE_HIDPI_IMAGES = YES;
				GENERATE_INFOPLIST_FILE = YES;
				LD_RUNPATH_SEARCH_PATHS = (
					"$(inherited)",
					"@executable_path/../Frameworks",
					"@loader_path/../Frameworks",
				);
				MACOSX_DEPLOYMENT_TARGET = 14.0;
				SDKROOT = macosx;
			};
			name = Debug;
		};
		4CF8A6834AF01C3994315DDC /* Release */ = {
			isa = XCBuildConfiguration;
			buildSettings = {
				CODE_SIGN_IDENTITY = "";
				COMBINE_HIDPI_IMAGES = YES;
				CURRENT_PROJECT_VERSION = 1;
				DEFINES_MODULE = YES;
				DYLIB_COMPATIBILITY_VERSION = 1;
				DYLIB_CURRENT_VERSION = 1;
				DYLIB_INSTALL_NAME_BASE = "@rpath";
				GENERATE_INFOPLIST_FILE = YES;
				INSTALL_PATH = "$(LOCAL_LIBRARY_DIR)/Frameworks";
				LD_RUNPATH_SEARCH_PATHS = (
					"$(inherited)",
					"@executable_path/../Frameworks",
				);
				MACOSX_DEPLOYMENT_TARGET = 14.0;
				SDKROOT = macosx;
				SKIP_INSTALL = YES;
				VERSIONING_SYSTEM = "apple-generic";
			};
			name = Release;
		};
		50AA60AED0441F20078FB571 /* Release */ = {
			isa = XCBuildConfiguration;
			buildSettings = {
				BUNDLE_LOADER = "$(TEST_HOST)";
				COMBINE_HIDPI_IMAGES = YES;
				GENERATE_INFOPLIST_FILE = YES;
				LD_RUNPATH_SEARCH_PATHS = (
					"$(inherited)",
					"@executable_path/../Frameworks",
					"@loader_path/../Frameworks",
				);
				MACOSX_DEPLOYMENT_TARGET = 14.0;
				SDKROOT = macosx;
			};
			name = Release;
		};
		517DC335EFEB9FEEF8129D82 /* Release */ = {
			isa = XCBuildConfiguration;
			buildSettings = {
				BUNDLE_LOADER = "$(TEST_HOST)";
				COMBINE_HIDPI_IMAGES = YES;
				GENERATE_INFOPLIST_FILE = YES;
				LD_RUNPATH_SEARCH_PATHS = (
					"$(inherited)",
					"@executable_path/../Frameworks",
					"@loader_path/../Frameworks",
				);
				MACOSX_DEPLOYMENT_TARGET = 14.0;
				SDKROOT = macosx;
			};
			name = Release;
		};
		813F4169C49254025A8B0A2B /* Debug */ = {
			isa = XCBuildConfiguration;
			buildSettings = {
				ALWAYS_SEARCH_USER_PATHS = NO;
				CLANG_ANALYZER_NONNULL = YES;
				CLANG_ANALYZER_NUMBER_OBJECT_CONVERSION = YES_AGGRESSIVE;
				CLANG_CXX_LANGUAGE_STANDARD = "gnu++14";
				CLANG_CXX_LIBRARY = "libc++";
				CLANG_ENABLE_MODULES = YES;
				CLANG_ENABLE_OBJC_ARC = YES;
				CLANG_ENABLE_OBJC_WEAK = YES;
				CLANG_WARN_BLOCK_CAPTURE_AUTORELEASING = YES;
				CLANG_WARN_BOOL_CONVERSION = YES;
				CLANG_WARN_COMMA = YES;
				CLANG_WARN_CONSTANT_CONVERSION = YES;
				CLANG_WARN_DEPRECATED_OBJC_IMPLEMENTATIONS = YES;
				CLANG_WARN_DIRECT_OBJC_ISA_USAGE = YES_ERROR;
				CLANG_WARN_DOCUMENTATION_COMMENTS = YES;
				CLANG_WARN_EMPTY_BODY = YES;
				CLANG_WARN_ENUM_CONVERSION = YES;
				CLANG_WARN_INFINITE_RECURSION = YES;
				CLANG_WARN_INT_CONVERSION = YES;
				CLANG_WARN_NON_LITERAL_NULL_CONVERSION = YES;
				CLANG_WARN_OBJC_IMPLICIT_RETAIN_SELF = YES;
				CLANG_WARN_OBJC_LITERAL_CONVERSION = YES;
				CLANG_WARN_OBJC_ROOT_CLASS = YES_ERROR;
				CLANG_WARN_QUOTED_INCLUDE_IN_FRAMEWORK_HEADER = YES;
				CLANG_WARN_RANGE_LOOP_ANALYSIS = YES;
				CLANG_WARN_STRICT_PROTOTYPES = YES;
				CLANG_WARN_SUSPICIOUS_MOVE = YES;
				CLANG_WARN_UNGUARDED_AVAILABILITY = YES_AGGRESSIVE;
				CLANG_WARN_UNREACHABLE_CODE = YES;
				CLANG_WARN__DUPLICATE_METHOD_MATCH = YES;
				COPY_PHASE_STRIP = NO;
				DEBUG_INFORMATION_FORMAT = dwarf;
				ENABLE_STRICT_OBJC_MSGSEND = YES;
				ENABLE_TESTABILITY = YES;
				GCC_C_LANGUAGE_STANDARD = gnu11;
				GCC_DYNAMIC_NO_PIC = NO;
				GCC_NO_COMMON_BLOCKS = YES;
				GCC_OPTIMIZATION_LEVEL = 0;
				GCC_PREPROCESSOR_DEFINITIONS = (
					"$(inherited)",
					"DEBUG=1",
				);
				GCC_WARN_64_TO_32_BIT_CONVERSION = YES;
				GCC_WARN_ABOUT_RETURN_TYPE = YES_ERROR;
				GCC_WARN_UNDECLARED_SELECTOR = YES;
				GCC_WARN_UNINITIALIZED_AUTOS = YES_AGGRESSIVE;
				GCC_WARN_UNUSED_FUNCTION = YES;
				GCC_WARN_UNUSED_VARIABLE = YES;
				MTL_ENABLE_DEBUG_INFO = INCLUDE_SOURCE;
				MTL_FAST_MATH = YES;
				ONLY_ACTIVE_ARCH = YES;
				PRODUCT_NAME = "$(TARGET_NAME)";
				SDKROOT = macosx;
				SWIFT_ACTIVE_COMPILATION_CONDITIONS = DEBUG;
				SWIFT_OPTIMIZATION_LEVEL = "-Onone";
				SWIFT_VERSION = 6.0;
			};
			name = Debug;
		};
		98F837FD9080A04C522E0BC7 /* Release */ = {
			isa = XCBuildConfiguration;
			buildSettings = {
				CODE_SIGN_IDENTITY = "";
				COMBINE_HIDPI_IMAGES = YES;
				CURRENT_PROJECT_VERSION = 1;
				DEFINES_MODULE = YES;
				DYLIB_COMPATIBILITY_VERSION = 1;
				DYLIB_CURRENT_VERSION = 1;
				DYLIB_INSTALL_NAME_BASE = "@rpath";
				GENERATE_INFOPLIST_FILE = YES;
				INSTALL_PATH = "$(LOCAL_LIBRARY_DIR)/Frameworks";
				LD_RUNPATH_SEARCH_PATHS = (
					"$(inherited)",
					"@executable_path/../Frameworks",
				);
				MACOSX_DEPLOYMENT_TARGET = 14.0;
				SDKROOT = macosx;
				SKIP_INSTALL = YES;
				VERSIONING_SYSTEM = "apple-generic";
			};
			name = Release;
		};
		A03C5D33756A1A812C0CE1BB /* Debug */ = {
			isa = XCBuildConfiguration;
			buildSettings = {
				CODE_SIGN_IDENTITY = "";
				COMBINE_HIDPI_IMAGES = YES;
				CURRENT_PROJECT_VERSION = 1;
				DEFINES_MODULE = YES;
				DYLIB_COMPATIBILITY_VERSION = 1;
				DYLIB_CURRENT_VERSION = 1;
				DYLIB_INSTALL_NAME_BASE = "@rpath";
				GENERATE_INFOPLIST_FILE = YES;
				INSTALL_PATH = "$(LOCAL_LIBRARY_DIR)/Frameworks";
				LD_RUNPATH_SEARCH_PATHS = (
					"$(inherited)",
					"@executable_path/../Frameworks",
				);
				MACOSX_DEPLOYMENT_TARGET = 14.0;
				SDKROOT = macosx;
				SKIP_INSTALL = YES;
				VERSIONING_SYSTEM = "apple-generic";
			};
			name = Debug;
		};
		B2E74D4B64A091379DA14FD6 /* Debug */ = {
			isa = XCBuildConfiguration;
			buildSettings = {
				BUNDLE_LOADER = "$(TEST_HOST)";
				COMBINE_HIDPI_IMAGES = YES;
				GENERATE_INFOPLIST_FILE = YES;
				LD_RUNPATH_SEARCH_PATHS = (
					"$(inherited)",
					"@executable_path/../Frameworks",
					"@loader_path/../Frameworks",
				);
				MACOSX_DEPLOYMENT_TARGET = 14.0;
				SDKROOT = macosx;
			};
			name = Debug;
		};
		C6727DB43503B653B0AE5B45 /* Release */ = {
			isa = XCBuildConfiguration;
			buildSettings = {
				BUNDLE_LOADER = "$(TEST_HOST)";
				COMBINE_HIDPI_IMAGES = YES;
				GENERATE_INFOPLIST_FILE = YES;
				LD_RUNPATH_SEARCH_PATHS = (
					"$(inherited)",
					"@executable_path/../Frameworks",
					"@loader_path/../Frameworks",
				);
				MACOSX_DEPLOYMENT_TARGET = 14.0;
				SDKROOT = macosx;
			};
			name = Release;
		};
		CE0538908BA573D93499C52D /* Release */ = {
			isa = XCBuildConfiguration;
			buildSettings = {
				BUNDLE_LOADER = "$(TEST_HOST)";
				COMBINE_HIDPI_IMAGES = YES;
				GENERATE_INFOPLIST_FILE = YES;
				LD_RUNPATH_SEARCH_PATHS = (
					"$(inherited)",
					"@executable_path/../Frameworks",
					"@loader_path/../Frameworks",
				);
				MACOSX_DEPLOYMENT_TARGET = 14.0;
				SDKROOT = macosx;
			};
			name = Release;
		};
		E30306E0EC9821E5D4CE2D54 /* Release */ = {
			isa = XCBuildConfiguration;
			buildSettings = {
				ALWAYS_SEARCH_USER_PATHS = NO;
				CLANG_ANALYZER_NONNULL = YES;
				CLANG_ANALYZER_NUMBER_OBJECT_CONVERSION = YES_AGGRESSIVE;
				CLANG_CXX_LANGUAGE_STANDARD = "gnu++14";
				CLANG_CXX_LIBRARY = "libc++";
				CLANG_ENABLE_MODULES = YES;
				CLANG_ENABLE_OBJC_ARC = YES;
				CLANG_ENABLE_OBJC_WEAK = YES;
				CLANG_WARN_BLOCK_CAPTURE_AUTORELEASING = YES;
				CLANG_WARN_BOOL_CONVERSION = YES;
				CLANG_WARN_COMMA = YES;
				CLANG_WARN_CONSTANT_CONVERSION = YES;
				CLANG_WARN_DEPRECATED_OBJC_IMPLEMENTATIONS = YES;
				CLANG_WARN_DIRECT_OBJC_ISA_USAGE = YES_ERROR;
				CLANG_WARN_DOCUMENTATION_COMMENTS = YES;
				CLANG_WARN_EMPTY_BODY = YES;
				CLANG_WARN_ENUM_CONVERSION = YES;
				CLANG_WARN_INFINITE_RECURSION = YES;
				CLANG_WARN_INT_CONVERSION = YES;
				CLANG_WARN_NON_LITERAL_NULL_CONVERSION = YES;
				CLANG_WARN_OBJC_IMPLICIT_RETAIN_SELF = YES;
				CLANG_WARN_OBJC_LITERAL_CONVERSION = YES;
				CLANG_WARN_OBJC_ROOT_CLASS = YES_ERROR;
				CLANG_WARN_QUOTED_INCLUDE_IN_FRAMEWORK_HEADER = YES;
				CLANG_WARN_RANGE_LOOP_ANALYSIS = YES;
				CLANG_WARN_STRICT_PROTOTYPES = YES;
				CLANG_WARN_SUSPICIOUS_MOVE = YES;
				CLANG_WARN_UNGUARDED_AVAILABILITY = YES_AGGRESSIVE;
				CLANG_WARN_UNREACHABLE_CODE = YES;
				CLANG_WARN__DUPLICATE_METHOD_MATCH = YES;
				COPY_PHASE_STRIP = NO;
				DEBUG_INFORMATION_FORMAT = "dwarf-with-dsym";
				ENABLE_NS_ASSERTIONS = NO;
				ENABLE_STRICT_OBJC_MSGSEND = YES;
				GCC_C_LANGUAGE_STANDARD = gnu11;
				GCC_NO_COMMON_BLOCKS = YES;
				GCC_WARN_64_TO_32_BIT_CONVERSION = YES;
				GCC_WARN_ABOUT_RETURN_TYPE = YES_ERROR;
				GCC_WARN_UNDECLARED_SELECTOR = YES;
				GCC_WARN_UNINITIALIZED_AUTOS = YES_AGGRESSIVE;
				GCC_WARN_UNUSED_FUNCTION = YES;
				GCC_WARN_UNUSED_VARIABLE = YES;
				MTL_ENABLE_DEBUG_INFO = NO;
				MTL_FAST_MATH = YES;
				PRODUCT_NAME = "$(TARGET_NAME)";
				SDKROOT = macosx;
				SWIFT_COMPILATION_MODE = wholemodule;
				SWIFT_OPTIMIZATION_LEVEL = "-O";
				SWIFT_VERSION = 6.0;
			};
			name = Release;
		};
		E78592DED00EB49BDAF58764 /* Debug */ = {
			isa = XCBuildConfiguration;
			buildSettings = {
				BUNDLE_LOADER = "$(TEST_HOST)";
				COMBINE_HIDPI_IMAGES = YES;
				GENERATE_INFOPLIST_FILE = YES;
				LD_RUNPATH_SEARCH_PATHS = (
					"$(inherited)",
					"@executable_path/../Frameworks",
					"@loader_path/../Frameworks",
				);
				MACOSX_DEPLOYMENT_TARGET = 14.0;
				SDKROOT = macosx;
			};
			name = Debug;
		};
		EC97BF87C4AC4392D782E6C3 /* Release */ = {
			isa = XCBuildConfiguration;
			buildSettings = {
				ASSETCATALOG_COMPILER_APPICON_NAME = AppIcon;
				COMBINE_HIDPI_IMAGES = YES;
				INFOPLIST_FILE = Config/Info.plist;
				LD_RUNPATH_SEARCH_PATHS = (
					"$(inherited)",
					"@executable_path/../Frameworks",
				);
				MACOSX_DEPLOYMENT_TARGET = 14.0;
				SDKROOT = macosx;
			};
			name = Release;
		};
		EFE0C3F6F3705DD550B67DC4 /* Debug */ = {
			isa = XCBuildConfiguration;
			buildSettings = {
				CODE_SIGN_IDENTITY = "";
				COMBINE_HIDPI_IMAGES = YES;
				CURRENT_PROJECT_VERSION = 1;
				DEFINES_MODULE = YES;
				DYLIB_COMPATIBILITY_VERSION = 1;
				DYLIB_CURRENT_VERSION = 1;
				DYLIB_INSTALL_NAME_BASE = "@rpath";
				GENERATE_INFOPLIST_FILE = YES;
				INSTALL_PATH = "$(LOCAL_LIBRARY_DIR)/Frameworks";
				LD_RUNPATH_SEARCH_PATHS = (
					"$(inherited)",
					"@executable_path/../Frameworks",
				);
				MACOSX_DEPLOYMENT_TARGET = 14.0;
				SDKROOT = macosx;
				SKIP_INSTALL = YES;
				VERSIONING_SYSTEM = "apple-generic";
			};
			name = Debug;
		};
		F36091277A52F7C469BB18D0 /* Release */ = {
			isa = XCBuildConfiguration;
			buildSettings = {
				CODE_SIGN_IDENTITY = "";
				COMBINE_HIDPI_IMAGES = YES;
				CURRENT_PROJECT_VERSION = 1;
				DEFINES_MODULE = YES;
				DYLIB_COMPATIBILITY_VERSION = 1;
				DYLIB_CURRENT_VERSION = 1;
				DYLIB_INSTALL_NAME_BASE = "@rpath";
				GENERATE_INFOPLIST_FILE = YES;
				INSTALL_PATH = "$(LOCAL_LIBRARY_DIR)/Frameworks";
				LD_RUNPATH_SEARCH_PATHS = (
					"$(inherited)",
					"@executable_path/../Frameworks",
				);
				MACOSX_DEPLOYMENT_TARGET = 14.0;
				SDKROOT = macosx;
				SKIP_INSTALL = YES;
				VERSIONING_SYSTEM = "apple-generic";
			};
			name = Release;
		};
		F78751894CFEF2BD87F8A4B6 /* Release */ = {
			isa = XCBuildConfiguration;
			buildSettings = {
				CODE_SIGN_IDENTITY = "";
				COMBINE_HIDPI_IMAGES = YES;
				CURRENT_PROJECT_VERSION = 1;
				DEFINES_MODULE = YES;
				DYLIB_COMPATIBILITY_VERSION = 1;
				DYLIB_CURRENT_VERSION = 1;
				DYLIB_INSTALL_NAME_BASE = "@rpath";
				GENERATE_INFOPLIST_FILE = YES;
				INSTALL_PATH = "$(LOCAL_LIBRARY_DIR)/Frameworks";
				LD_RUNPATH_SEARCH_PATHS = (
					"$(inherited)",
					"@executable_path/../Frameworks",
				);
				MACOSX_DEPLOYMENT_TARGET = 14.0;
				SDKROOT = macosx;
				SKIP_INSTALL = YES;
				VERSIONING_SYSTEM = "apple-generic";
			};
			name = Release;
		};
/* End XCBuildConfiguration section */

/* Begin XCConfigurationList section */
		039B3A03DBEE118D081273A9 /* Build configuration list for PBXProject "AgentSecretVault" */ = {
			isa = XCConfigurationList;
			buildConfigurations = (
				813F4169C49254025A8B0A2B /* Debug */,
				E30306E0EC9821E5D4CE2D54 /* Release */,
			);
			defaultConfigurationIsVisible = 0;
			defaultConfigurationName = Debug;
		};
		28460F0C0DEBF3CCAD5B3D63 /* Build configuration list for PBXNativeTarget "VaultCoreTests" */ = {
			isa = XCConfigurationList;
			buildConfigurations = (
				B2E74D4B64A091379DA14FD6 /* Debug */,
				517DC335EFEB9FEEF8129D82 /* Release */,
			);
			defaultConfigurationIsVisible = 0;
			defaultConfigurationName = Debug;
		};
		2F383D57E64881FC537099EA /* Build configuration list for PBXNativeTarget "AgentSecretVault" */ = {
			isa = XCConfigurationList;
			buildConfigurations = (
				2BA71448A5B2387D4B431F0B /* Debug */,
				EC97BF87C4AC4392D782E6C3 /* Release */,
			);
			defaultConfigurationIsVisible = 0;
			defaultConfigurationName = Debug;
		};
		3DC77592D46019256DDBE95D /* Build configuration list for PBXNativeTarget "VaultExecutionTests" */ = {
			isa = XCConfigurationList;
			buildConfigurations = (
				49B8D1685DC604CE742BB52C /* Debug */,
				50AA60AED0441F20078FB571 /* Release */,
			);
			defaultConfigurationIsVisible = 0;
			defaultConfigurationName = Debug;
		};
		4EE1869613566E1E7BA7E5A4 /* Build configuration list for PBXNativeTarget "VaultCore" */ = {
			isa = XCConfigurationList;
			buildConfigurations = (
				A03C5D33756A1A812C0CE1BB /* Debug */,
				F36091277A52F7C469BB18D0 /* Release */,
			);
			defaultConfigurationIsVisible = 0;
			defaultConfigurationName = Debug;
		};
		81481FF81E3381D3682B291E /* Build configuration list for PBXNativeTarget "VaultIPC" */ = {
			isa = XCConfigurationList;
			buildConfigurations = (
				40C7FA4DB7C33092544DF46F /* Debug */,
				98F837FD9080A04C522E0BC7 /* Release */,
			);
			defaultConfigurationIsVisible = 0;
			defaultConfigurationName = Debug;
		};
		8C26568FFE1E9344F1B79F6D /* Build configuration list for PBXNativeTarget "VaultAuthorizationTests" */ = {
			isa = XCConfigurationList;
			buildConfigurations = (
				E78592DED00EB49BDAF58764 /* Debug */,
				CE0538908BA573D93499C52D /* Release */,
			);
			defaultConfigurationIsVisible = 0;
			defaultConfigurationName = Debug;
		};
		C35EFB119DFABD8F80C07326 /* Build configuration list for PBXNativeTarget "VaultExecution" */ = {
			isa = XCConfigurationList;
			buildConfigurations = (
				3EF731E93AB55396C5956D3D /* Debug */,
				4CF8A6834AF01C3994315DDC /* Release */,
			);
			defaultConfigurationIsVisible = 0;
			defaultConfigurationName = Debug;
		};
		C59BCEA22E7C3D4FA1FF8D89 /* Build configuration list for PBXNativeTarget "VaultIPCTests" */ = {
			isa = XCConfigurationList;
			buildConfigurations = (
				4C432E766840F144DF93F9FF /* Debug */,
				1EC72FA1C787890852647ABE /* Release */,
			);
			defaultConfigurationIsVisible = 0;
			defaultConfigurationName = Debug;
		};
		DBE5517E92656B816CA26078 /* Build configuration list for PBXNativeTarget "AgentSecretVaultApp" */ = {
			isa = XCConfigurationList;
			buildConfigurations = (
				02FD6FA3CC3D401C554F0DD3 /* Debug */,
				F78751894CFEF2BD87F8A4B6 /* Release */,
			);
			defaultConfigurationIsVisible = 0;
			defaultConfigurationName = Debug;
		};
		E6260A892F10DB7C42053B00 /* Build configuration list for PBXNativeTarget "LeakTests" */ = {
			isa = XCConfigurationList;
			buildConfigurations = (
				3441755DC5B87258D9B64D3F /* Debug */,
				C6727DB43503B653B0AE5B45 /* Release */,
			);
			defaultConfigurationIsVisible = 0;
			defaultConfigurationName = Debug;
		};
		FAD259CDC466726CC207DA86 /* Build configuration list for PBXNativeTarget "VaultAuthorization" */ = {
			isa = XCConfigurationList;
			buildConfigurations = (
				EFE0C3F6F3705DD550B67DC4 /* Debug */,
				22C8CD21AAB7F45F0895B8B0 /* Release */,
			);
			defaultConfigurationIsVisible = 0;
			defaultConfigurationName = Debug;
		};
/* End XCConfigurationList section */
	};
	rootObject = 672B1683207D2FE9D7045D82 /* Project object */;
}
